// !$*UTF8*$!
{
	archiveVersion = 1;
	classes = {
	};
	objectVersion = 46;
	objects = {

/* Begin PBXBuildFile section */
		CE10B0FB194B306300F20946 /* DataBaseManager.m in Sources */ = {isa = PBXBuildFile; fileRef = CE10B0FA194B306300F20946 /* DataBaseManager.m */; };
		CE10B0FD194B308D00F20946 /* User.db in Resources */ = {isa = PBXBuildFile; fileRef = CE10B0FC194B308D00F20946 /* User.db */; };
		CE10B100194B30A500F20946 /* ReportIncidentTVC.m in Sources */ = {isa = PBXBuildFile; fileRef = CE10B0FF194B30A500F20946 /* ReportIncidentTVC.m */; };
		CE10B102194B311100F20946 /* Main_iPhone.storyboard in Resources */ = {isa = PBXBuildFile; fileRef = CE10B101194B311100F20946 /* Main_iPhone.storyboard */; };
		CE10B105194B313300F20946 /* PopoverListTVC.m in Sources */ = {isa = PBXBuildFile; fileRef = CE10B104194B313300F20946 /* PopoverListTVC.m */; };
		CE84DA0F194F05AE0039720D /* Main_iPad.storyboard in Resources */ = {isa = PBXBuildFile; fileRef = CE84DA0E194F05AE0039720D /* Main_iPad.storyboard */; };
		CEB211BA1957FD7D005C00DD /* ARCoordinate.m in Sources */ = {isa = PBXBuildFile; fileRef = CEB211A91957FD7D005C00DD /* ARCoordinate.m */; };
		CEB211BB1957FD7D005C00DD /* ARGeoCoordinate.m in Sources */ = {isa = PBXBuildFile; fileRef = CEB211AB1957FD7D005C00DD /* ARGeoCoordinate.m */; };
		CEB211BC1957FD7D005C00DD /* ARKit.m in Sources */ = {isa = PBXBuildFile; fileRef = CEB211AD1957FD7D005C00DD /* ARKit.m */; };
		CEB211BD1957FD7D005C00DD /* AugmentedRealityController.m in Sources */ = {isa = PBXBuildFile; fileRef = CEB211B11957FD7D005C00DD /* AugmentedRealityController.m */; };
		CEB211BE1957FD7D005C00DD /* GEOLocations.m in Sources */ = {isa = PBXBuildFile; fileRef = CEB211B31957FD7D005C00DD /* GEOLocations.m */; };
		CEB211BF1957FD7D005C00DD /* MarkerView.m in Sources */ = {isa = PBXBuildFile; fileRef = CEB211B51957FD7D005C00DD /* MarkerView.m */; };
		CEB211C01957FD7D005C00DD /* Radar.m in Sources */ = {isa = PBXBuildFile; fileRef = CEB211B71957FD7D005C00DD /* Radar.m */; };
		CEB211C11957FD7D005C00DD /* RadarViewPortView.m in Sources */ = {isa = PBXBuildFile; fileRef = CEB211B91957FD7D005C00DD /* RadarViewPortView.m */; };
		CEB211C71957FDF0005C00DD /* bgCallout.png in Resources */ = {isa = PBXBuildFile; fileRef = CEB211C31957FDF0005C00DD /* bgCallout.png */; };
		CEB211C81957FDF0005C00DD /* bgCallout@2x.png in Resources */ = {isa = PBXBuildFile; fileRef = CEB211C41957FDF0005C00DD /* bgCallout@2x.png */; };
		CEB211C91957FDF0005C00DD /* bgCalloutDisclosure.png in Resources */ = {isa = PBXBuildFile; fileRef = CEB211C51957FDF0005C00DD /* bgCalloutDisclosure.png */; };
		CEB211CA1957FDF0005C00DD /* bgCalloutDisclosure@2x.png in Resources */ = {isa = PBXBuildFile; fileRef = CEB211C61957FDF0005C00DD /* bgCalloutDisclosure@2x.png */; };
		CEB211CD19580389005C00DD /* ARViewController.m in Sources */ = {isa = PBXBuildFile; fileRef = CEB211CC19580389005C00DD /* ARViewController.m */; };
		CEB211D619580825005C00DD /* MapViewController.m in Sources */ = {isa = PBXBuildFile; fileRef = CEB211D419580825005C00DD /* MapViewController.m */; };
		CEB211D719580825005C00DD /* MapViewController.xib in Resources */ = {isa = PBXBuildFile; fileRef = CEB211D519580825005C00DD /* MapViewController.xib */; };
		CEB211DC195809C3005C00DD /* Place.m in Sources */ = {isa = PBXBuildFile; fileRef = CEB211D9195809C3005C00DD /* Place.m */; };
		CEB211DD195809C3005C00DD /* PlaceAnnotation.m in Sources */ = {isa = PBXBuildFile; fileRef = CEB211DB195809C3005C00DD /* PlaceAnnotation.m */; };
		CEB343C8195A916A0047E6C4 /* GoogleMaps.bundle in Resources */ = {isa = PBXBuildFile; fileRef = CEB343C6195A916A0047E6C4 /* GoogleMaps.bundle */; };
		CEB343C9195A916B0047E6C4 /* GoogleMaps.framework in Frameworks */ = {isa = PBXBuildFile; fileRef = CEB343C7195A916A0047E6C4 /* GoogleMaps.framework */; };
		CEB343CB195A91950047E6C4 /* QuartzCore.framework in Frameworks */ = {isa = PBXBuildFile; fileRef = CEB343CA195A91950047E6C4 /* QuartzCore.framework */; };
		CEB343CD195A91A90047E6C4 /* ImageIO.framework in Frameworks */ = {isa = PBXBuildFile; fileRef = CEB343CC195A91A90047E6C4 /* ImageIO.framework */; };
		CEB343CF195A91B80047E6C4 /* GLKit.framework in Frameworks */ = {isa = PBXBuildFile; fileRef = CEB343CE195A91B80047E6C4 /* GLKit.framework */; };
		CEB343D1195A92000047E6C4 /* libc++.dylib in Frameworks */ = {isa = PBXBuildFile; fileRef = CEB343D0195A92000047E6C4 /* libc++.dylib */; };
		CEB343D3195A921C0047E6C4 /* libicucore.dylib in Frameworks */ = {isa = PBXBuildFile; fileRef = CEB343D2195A921C0047E6C4 /* libicucore.dylib */; };
		CEB343D5195A92280047E6C4 /* libz.dylib in Frameworks */ = {isa = PBXBuildFile; fileRef = CEB343D4195A92280047E6C4 /* libz.dylib */; };
		CEB343D7195A92380047E6C4 /* OpenGLES.framework in Frameworks */ = {isa = PBXBuildFile; fileRef = CEB343D6195A92380047E6C4 /* OpenGLES.framework */; };
		CEB343DB195A9B080047E6C4 /* CoreData.framework in Frameworks */ = {isa = PBXBuildFile; fileRef = CEB343DA195A9B070047E6C4 /* CoreData.framework */; };
		CEBA623B19594F290070F064 /* pin.png in Resources */ = {isa = PBXBuildFile; fileRef = CEBA623A19594F290070F064 /* pin.png */; };
		CEBA623D19595C710070F064 /* pin2.png in Resources */ = {isa = PBXBuildFile; fileRef = CEBA623C19595C710070F064 /* pin2.png */; };
		E22142BE1945980F003E9535 /* Foundation.framework in Frameworks */ = {isa = PBXBuildFile; fileRef = E22142BD1945980F003E9535 /* Foundation.framework */; };
		E22142C01945980F003E9535 /* CoreGraphics.framework in Frameworks */ = {isa = PBXBuildFile; fileRef = E22142BF1945980F003E9535 /* CoreGraphics.framework */; };
		E22142C21945980F003E9535 /* UIKit.framework in Frameworks */ = {isa = PBXBuildFile; fileRef = E22142C11945980F003E9535 /* UIKit.framework */; };
		E22142C81945980F003E9535 /* InfoPlist.strings in Resources */ = {isa = PBXBuildFile; fileRef = E22142C61945980F003E9535 /* InfoPlist.strings */; };
		E22142CA1945980F003E9535 /* main.m in Sources */ = {isa = PBXBuildFile; fileRef = E22142C91945980F003E9535 /* main.m */; };
		E22142D01945980F003E9535 /* Images.xcassets in Resources */ = {isa = PBXBuildFile; fileRef = E22142CF1945980F003E9535 /* Images.xcassets */; };
		E22142D71945980F003E9535 /* XCTest.framework in Frameworks */ = {isa = PBXBuildFile; fileRef = E22142D61945980F003E9535 /* XCTest.framework */; };
		E22142D81945980F003E9535 /* Foundation.framework in Frameworks */ = {isa = PBXBuildFile; fileRef = E22142BD1945980F003E9535 /* Foundation.framework */; };
		E22142D91945980F003E9535 /* UIKit.framework in Frameworks */ = {isa = PBXBuildFile; fileRef = E22142C11945980F003E9535 /* UIKit.framework */; };
		E22142E11945980F003E9535 /* InfoPlist.strings in Resources */ = {isa = PBXBuildFile; fileRef = E22142DF1945980F003E9535 /* InfoPlist.strings */; };
		E22142E31945980F003E9535 /* Lavasa_nibTests.m in Sources */ = {isa = PBXBuildFile; fileRef = E22142E21945980F003E9535 /* Lavasa_nibTests.m */; };
		E22142F019459914003E9535 /* SWRevealViewController.m in Sources */ = {isa = PBXBuildFile; fileRef = E22142EF19459914003E9535 /* SWRevealViewController.m */; };
		E22142FA19459A05003E9535 /* lavasaAppDelegate.m in Sources */ = {isa = PBXBuildFile; fileRef = E22142F919459A05003E9535 /* lavasaAppDelegate.m */; };
		E221430319459A46003E9535 /* MenuVC.m in Sources */ = {isa = PBXBuildFile; fileRef = E221430119459A46003E9535 /* MenuVC.m */; };
		E221430419459A46003E9535 /* MenuVC.xib in Resources */ = {isa = PBXBuildFile; fileRef = E221430219459A46003E9535 /* MenuVC.xib */; };
		E221431E1945C107003E9535 /* FMDatabase.m in Sources */ = {isa = PBXBuildFile; fileRef = E22143151945C107003E9535 /* FMDatabase.m */; settings = {COMPILER_FLAGS = "-fno-objc-arc"; }; };
		E221431F1945C107003E9535 /* FMDatabaseAdditions.m in Sources */ = {isa = PBXBuildFile; fileRef = E22143171945C107003E9535 /* FMDatabaseAdditions.m */; settings = {COMPILER_FLAGS = "-fno-objc-arc"; }; };
		E22143201945C107003E9535 /* FMDatabasePool.m in Sources */ = {isa = PBXBuildFile; fileRef = E22143191945C107003E9535 /* FMDatabasePool.m */; settings = {COMPILER_FLAGS = "-fno-objc-arc"; }; };
		E22143211945C107003E9535 /* FMDatabaseQueue.m in Sources */ = {isa = PBXBuildFile; fileRef = E221431B1945C107003E9535 /* FMDatabaseQueue.m */; settings = {COMPILER_FLAGS = "-fno-objc-arc"; }; };
		E22143221945C107003E9535 /* FMResultSet.m in Sources */ = {isa = PBXBuildFile; fileRef = E221431D1945C107003E9535 /* FMResultSet.m */; settings = {COMPILER_FLAGS = "-fno-objc-arc"; }; };
		E22143241945C140003E9535 /* libsqlite3.0.dylib in Frameworks */ = {isa = PBXBuildFile; fileRef = E22143231945C140003E9535 /* libsqlite3.0.dylib */; };
		E221432A1945C230003E9535 /* webservice.m in Sources */ = {isa = PBXBuildFile; fileRef = E22143271945C230003E9535 /* webservice.m */; };
		E221432B1945C230003E9535 /* XMLReader.m in Sources */ = {isa = PBXBuildFile; fileRef = E22143291945C230003E9535 /* XMLReader.m */; settings = {COMPILER_FLAGS = "-fno-objc-arc"; }; };
		E221433B1945C255003E9535 /* SDImageCache.m in Sources */ = {isa = PBXBuildFile; fileRef = E221432E1945C255003E9535 /* SDImageCache.m */; settings = {COMPILER_FLAGS = "-fno-objc-arc"; }; };
		E221433C1945C255003E9535 /* SDWebImageDownloader.m in Sources */ = {isa = PBXBuildFile; fileRef = E22143321945C255003E9535 /* SDWebImageDownloader.m */; settings = {COMPILER_FLAGS = "-fno-objc-arc"; }; };
		E221433D1945C255003E9535 /* SDWebImageManager.m in Sources */ = {isa = PBXBuildFile; fileRef = E22143351945C255003E9535 /* SDWebImageManager.m */; settings = {COMPILER_FLAGS = "-fno-objc-arc"; }; };
		E221433E1945C255003E9535 /* UIButton+WebCache.m in Sources */ = {isa = PBXBuildFile; fileRef = E22143381945C255003E9535 /* UIButton+WebCache.m */; settings = {COMPILER_FLAGS = "-fno-objc-arc"; }; };
		E221433F1945C255003E9535 /* UIImageView+WebCache.m in Sources */ = {isa = PBXBuildFile; fileRef = E221433A1945C255003E9535 /* UIImageView+WebCache.m */; settings = {COMPILER_FLAGS = "-fno-objc-arc"; }; };
		E22143431945C283003E9535 /* MBProgressHUD.m in Sources */ = {isa = PBXBuildFile; fileRef = E22143421945C283003E9535 /* MBProgressHUD.m */; };
		E221434E1945C49F003E9535 /* Lavasa.db in Resources */ = {isa = PBXBuildFile; fileRef = E221434D1945C49F003E9535 /* Lavasa.db */; };
		E22CDF5F195AF9E100D8B1D1 /* FacebookSDK.framework in Frameworks */ = {isa = PBXBuildFile; fileRef = E22CDF5E195AF9E100D8B1D1 /* FacebookSDK.framework */; };
		E22CDF6F195AFA8800D8B1D1 /* AddReviewVC.m in Sources */ = {isa = PBXBuildFile; fileRef = E22CDF6A195AFA8800D8B1D1 /* AddReviewVC.m */; };
		E22CDF70195AFA8800D8B1D1 /* MapVC.m in Sources */ = {isa = PBXBuildFile; fileRef = E22CDF6C195AFA8800D8B1D1 /* MapVC.m */; };
		E22CDF71195AFA8800D8B1D1 /* ReviewVC.m in Sources */ = {isa = PBXBuildFile; fileRef = E22CDF6E195AFA8800D8B1D1 /* ReviewVC.m */; };
		E22CDF74195AFACC00D8B1D1 /* ReviewTableCell.m in Sources */ = {isa = PBXBuildFile; fileRef = E22CDF73195AFACC00D8B1D1 /* ReviewTableCell.m */; };
		E22CDF79195AFE9200D8B1D1 /* PlanTVC.m in Sources */ = {isa = PBXBuildFile; fileRef = E22CDF78195AFE9200D8B1D1 /* PlanTVC.m */; };
		E22CDF7B195B02FA00D8B1D1 /* lavasa_web_service.sqlite in Resources */ = {isa = PBXBuildFile; fileRef = E22CDF7A195B02FA00D8B1D1 /* lavasa_web_service.sqlite */; };
		E26F016A1952AA8300E3F714 /* DetailTab1.m in Sources */ = {isa = PBXBuildFile; fileRef = E26F01691952AA8300E3F714 /* DetailTab1.m */; };
		E26F01701952C1E700E3F714 /* DetailTab2.m in Sources */ = {isa = PBXBuildFile; fileRef = E26F016F1952C1E700E3F714 /* DetailTab2.m */; };
		E26F01751952C48E00E3F714 /* AttractionTabVC.m in Sources */ = {isa = PBXBuildFile; fileRef = E26F01721952C48E00E3F714 /* AttractionTabVC.m */; };
		E26F01761952C48E00E3F714 /* DetailTabVC.m in Sources */ = {isa = PBXBuildFile; fileRef = E26F01741952C48E00E3F714 /* DetailTabVC.m */; };
		E26F017A1952C4ED00E3F714 /* AttractionTVCell.m in Sources */ = {isa = PBXBuildFile; fileRef = E26F01791952C4ED00E3F714 /* AttractionTVCell.m */; };
		E26F017D1952C51900E3F714 /* DetailTab2Cell.m in Sources */ = {isa = PBXBuildFile; fileRef = E26F017C1952C51900E3F714 /* DetailTab2Cell.m */; };
		E26F01891953F66300E3F714 /* ImagePopupvVC.m in Sources */ = {isa = PBXBuildFile; fileRef = E26F01881953F66300E3F714 /* ImagePopupvVC.m */; };
		E27A1F5A1946FE1D001F9A3C /* LoginVC.m in Sources */ = {isa = PBXBuildFile; fileRef = E27A1F581946FE1D001F9A3C /* LoginVC.m */; };
		E27A1F5B1946FE1D001F9A3C /* LoginVC.xib in Resources */ = {isa = PBXBuildFile; fileRef = E27A1F591946FE1D001F9A3C /* LoginVC.xib */; };
		E27A1F6319471D2D001F9A3C /* SharedData.m in Sources */ = {isa = PBXBuildFile; fileRef = E27A1F6219471D2D001F9A3C /* SharedData.m */; };
		E27A1F6A19472233001F9A3C /* GooglePlus.bundle in Resources */ = {isa = PBXBuildFile; fileRef = E27A1F6619472233001F9A3C /* GooglePlus.bundle */; };
		E27A1F6B19472233001F9A3C /* GooglePlus.framework in Frameworks */ = {isa = PBXBuildFile; fileRef = E27A1F6719472233001F9A3C /* GooglePlus.framework */; };
		E27A1F6D1947224D001F9A3C /* AddressBook.framework in Frameworks */ = {isa = PBXBuildFile; fileRef = E27A1F6C1947224D001F9A3C /* AddressBook.framework */; };
		E27A1F6F1947225C001F9A3C /* AssetsLibrary.framework in Frameworks */ = {isa = PBXBuildFile; fileRef = E27A1F6E1947225C001F9A3C /* AssetsLibrary.framework */; };
		E27A1F7119472262001F9A3C /* CoreLocation.framework in Frameworks */ = {isa = PBXBuildFile; fileRef = E27A1F7019472262001F9A3C /* CoreLocation.framework */; };
		E27A1F7319472275001F9A3C /* CoreMotion.framework in Frameworks */ = {isa = PBXBuildFile; fileRef = E27A1F7219472275001F9A3C /* CoreMotion.framework */; };
		E27A1F7519472284001F9A3C /* CoreText.framework in Frameworks */ = {isa = PBXBuildFile; fileRef = E27A1F7419472284001F9A3C /* CoreText.framework */; };
		E27A1F771947229D001F9A3C /* MediaPlayer.framework in Frameworks */ = {isa = PBXBuildFile; fileRef = E27A1F761947229D001F9A3C /* MediaPlayer.framework */; };
		E27A1F79194722A2001F9A3C /* Security.framework in Frameworks */ = {isa = PBXBuildFile; fileRef = E27A1F78194722A2001F9A3C /* Security.framework */; };
		E27A1F7B194722AF001F9A3C /* SystemConfiguration.framework in Frameworks */ = {isa = PBXBuildFile; fileRef = E27A1F7A194722AF001F9A3C /* SystemConfiguration.framework */; };
		E27A1F8019481739001F9A3C /* GoogleOpenSource.framework in Frameworks */ = {isa = PBXBuildFile; fileRef = E27A1F7F19481739001F9A3C /* GoogleOpenSource.framework */; };
		E27A1F8C19485DA9001F9A3C /* EXPLORE_SELECT.png in Resources */ = {isa = PBXBuildFile; fileRef = E27A1F8319485DA8001F9A3C /* EXPLORE_SELECT.png */; };
		E27A1F8D19485DA9001F9A3C /* EXPLORE.png in Resources */ = {isa = PBXBuildFile; fileRef = E27A1F8419485DA9001F9A3C /* EXPLORE.png */; };
		E27A1F8E19485DA9001F9A3C /* HELP_SELECT.png in Resources */ = {isa = PBXBuildFile; fileRef = E27A1F8519485DA9001F9A3C /* HELP_SELECT.png */; };
		E27A1F8F19485DA9001F9A3C /* HELP.png in Resources */ = {isa = PBXBuildFile; fileRef = E27A1F8619485DA9001F9A3C /* HELP.png */; };
		E27A1F9019485DA9001F9A3C /* PLAN_SELECT.png in Resources */ = {isa = PBXBuildFile; fileRef = E27A1F8719485DA9001F9A3C /* PLAN_SELECT.png */; };
		E27A1F9119485DA9001F9A3C /* PLAN.png in Resources */ = {isa = PBXBuildFile; fileRef = E27A1F8819485DA9001F9A3C /* PLAN.png */; };
		E27A1F9219485DA9001F9A3C /* reveal-icon.png in Resources */ = {isa = PBXBuildFile; fileRef = E27A1F8919485DA9001F9A3C /* reveal-icon.png */; };
		E27A1F9319485DA9001F9A3C /* SETTINGS_SELECT.png in Resources */ = {isa = PBXBuildFile; fileRef = E27A1F8A19485DA9001F9A3C /* SETTINGS_SELECT.png */; };
		E27A1F9419485DA9001F9A3C /* SETTINGS.png in Resources */ = {isa = PBXBuildFile; fileRef = E27A1F8B19485DA9001F9A3C /* SETTINGS.png */; };
		E27A1F9619485F98001F9A3C /* lavasa.png in Resources */ = {isa = PBXBuildFile; fileRef = E27A1F9519485F98001F9A3C /* lavasa.png */; };
		E27E86F61949D2C0008509EC /* loginFb.png in Resources */ = {isa = PBXBuildFile; fileRef = E27E86F41949D2C0008509EC /* loginFb.png */; };
		E27E86F71949D2C0008509EC /* loginG+.png in Resources */ = {isa = PBXBuildFile; fileRef = E27E86F51949D2C0008509EC /* loginG+.png */; };
		E27E87061949D87E008509EC /* DLStarRatingControl.m in Sources */ = {isa = PBXBuildFile; fileRef = E27E86FA1949D87E008509EC /* DLStarRatingControl.m */; settings = {COMPILER_FLAGS = "-fno-objc-arc"; }; };
		E27E87071949D87E008509EC /* DLStarView.m in Sources */ = {isa = PBXBuildFile; fileRef = E27E86FC1949D87E008509EC /* DLStarView.m */; settings = {COMPILER_FLAGS = "-fno-objc-arc"; }; };
		E27E87081949D87E008509EC /* star.png in Resources */ = {isa = PBXBuildFile; fileRef = E27E86FE1949D87E008509EC /* star.png */; };
		E27E870A1949D87E008509EC /* star_highlighted-darker.png in Resources */ = {isa = PBXBuildFile; fileRef = E27E87001949D87E008509EC /* star_highlighted-darker.png */; };
		E27E870C1949D87E008509EC /* star_highlighted.png in Resources */ = {isa = PBXBuildFile; fileRef = E27E87021949D87E008509EC /* star_highlighted.png */; };
		E27E870E1949D87E008509EC /* UIView+Subviews.m in Sources */ = {isa = PBXBuildFile; fileRef = E27E87051949D87E008509EC /* UIView+Subviews.m */; settings = {COMPILER_FLAGS = "-fno-objc-arc"; }; };
		E28E2693194AFA580097F291 /* 120x120.png in Resources */ = {isa = PBXBuildFile; fileRef = E28E2692194AFA580097F291 /* 120x120.png */; };
		E2A8EBE2194EF84A00723FC6 /* LoginVC-ipad.xib in Resources */ = {isa = PBXBuildFile; fileRef = E2A8EBE1194EF84A00723FC6 /* LoginVC-ipad.xib */; };
		E2A8EC6A1950204500723FC6 /* AttractionTab2.m in Sources */ = {isa = PBXBuildFile; fileRef = E2A8EC691950204500723FC6 /* AttractionTab2.m */; };
		E2A8EC6F1950417F00723FC6 /* AttractionTab3.m in Sources */ = {isa = PBXBuildFile; fileRef = E2A8EC6E1950417F00723FC6 /* AttractionTab3.m */; };
		E2A8EC72195041AE00723FC6 /* AttractionTab4.m in Sources */ = {isa = PBXBuildFile; fileRef = E2A8EC71195041AE00723FC6 /* AttractionTab4.m */; };
		E2A8EC75195041D400723FC6 /* AttractionTab5.m in Sources */ = {isa = PBXBuildFile; fileRef = E2A8EC74195041D400723FC6 /* AttractionTab5.m */; };
		E2A8EC78195044D300723FC6 /* AttractionTab1.m in Sources */ = {isa = PBXBuildFile; fileRef = E2A8EC77195044D300723FC6 /* AttractionTab1.m */; };
		E2A8EC941951683400723FC6 /* DetailTab3.m in Sources */ = {isa = PBXBuildFile; fileRef = E2A8EC931951683400723FC6 /* DetailTab3.m */; };
		E2A8EC971951685A00723FC6 /* DetailTab4.m in Sources */ = {isa = PBXBuildFile; fileRef = E2A8EC961951685A00723FC6 /* DetailTab4.m */; };
		E2A8EC9919516E5900723FC6 /* MapKit.framework in Frameworks */ = {isa = PBXBuildFile; fileRef = E2A8EC9819516E5900723FC6 /* MapKit.framework */; };
/* End PBXBuildFile section */

/* Begin PBXContainerItemProxy section */
		E22142DA1945980F003E9535 /* PBXContainerItemProxy */ = {
			isa = PBXContainerItemProxy;
			containerPortal = E22142B21945980F003E9535 /* Project object */;
			proxyType = 1;
			remoteGlobalIDString = E22142B91945980F003E9535;
			remoteInfo = "Lavasa nib";
		};
/* End PBXContainerItemProxy section */

/* Begin PBXFileReference section */
		CE10B0F9194B306300F20946 /* DataBaseManager.h */ = {isa = PBXFileReference; fileEncoding = 4; lastKnownFileType = sourcecode.c.h; path = DataBaseManager.h; sourceTree = "<group>"; };
		CE10B0FA194B306300F20946 /* DataBaseManager.m */ = {isa = PBXFileReference; fileEncoding = 4; lastKnownFileType = sourcecode.c.objc; path = DataBaseManager.m; sourceTree = "<group>"; };
		CE10B0FC194B308D00F20946 /* User.db */ = {isa = PBXFileReference; lastKnownFileType = file; path = User.db; sourceTree = "<group>"; };
		CE10B0FE194B30A500F20946 /* ReportIncidentTVC.h */ = {isa = PBXFileReference; fileEncoding = 4; lastKnownFileType = sourcecode.c.h; path = ReportIncidentTVC.h; sourceTree = "<group>"; };
		CE10B0FF194B30A500F20946 /* ReportIncidentTVC.m */ = {isa = PBXFileReference; fileEncoding = 4; lastKnownFileType = sourcecode.c.objc; path = ReportIncidentTVC.m; sourceTree = "<group>"; };
		CE10B101194B311100F20946 /* Main_iPhone.storyboard */ = {isa = PBXFileReference; fileEncoding = 4; lastKnownFileType = file.storyboard; name = Main_iPhone.storyboard; path = "Lavasa nib/Classes/ReportIncident/Main_iPhone.storyboard"; sourceTree = "<group>"; };
		CE10B103194B313300F20946 /* PopoverListTVC.h */ = {isa = PBXFileReference; fileEncoding = 4; lastKnownFileType = sourcecode.c.h; path = PopoverListTVC.h; sourceTree = "<group>"; };
		CE10B104194B313300F20946 /* PopoverListTVC.m */ = {isa = PBXFileReference; fileEncoding = 4; lastKnownFileType = sourcecode.c.objc; path = PopoverListTVC.m; sourceTree = "<group>"; };
		CE84DA0E194F05AE0039720D /* Main_iPad.storyboard */ = {isa = PBXFileReference; fileEncoding = 4; lastKnownFileType = file.storyboard; name = Main_iPad.storyboard; path = "Lavasa nib/Classes/ReportIncident/Main_iPad.storyboard"; sourceTree = "<group>"; };
		CEB211A81957FD7D005C00DD /* ARCoordinate.h */ = {isa = PBXFileReference; fileEncoding = 4; lastKnownFileType = sourcecode.c.h; path = ARCoordinate.h; sourceTree = "<group>"; };
		CEB211A91957FD7D005C00DD /* ARCoordinate.m */ = {isa = PBXFileReference; fileEncoding = 4; lastKnownFileType = sourcecode.c.objc; path = ARCoordinate.m; sourceTree = "<group>"; };
		CEB211AA1957FD7D005C00DD /* ARGeoCoordinate.h */ = {isa = PBXFileReference; fileEncoding = 4; lastKnownFileType = sourcecode.c.h; path = ARGeoCoordinate.h; sourceTree = "<group>"; };
		CEB211AB1957FD7D005C00DD /* ARGeoCoordinate.m */ = {isa = PBXFileReference; fileEncoding = 4; lastKnownFileType = sourcecode.c.objc; path = ARGeoCoordinate.m; sourceTree = "<group>"; };
		CEB211AC1957FD7D005C00DD /* ARKit.h */ = {isa = PBXFileReference; fileEncoding = 4; lastKnownFileType = sourcecode.c.h; path = ARKit.h; sourceTree = "<group>"; };
		CEB211AD1957FD7D005C00DD /* ARKit.m */ = {isa = PBXFileReference; fileEncoding = 4; lastKnownFileType = sourcecode.c.objc; path = ARKit.m; sourceTree = "<group>"; };
		CEB211AE1957FD7D005C00DD /* ARLocationDelegate.h */ = {isa = PBXFileReference; fileEncoding = 4; lastKnownFileType = sourcecode.c.h; path = ARLocationDelegate.h; sourceTree = "<group>"; };
		CEB211AF1957FD7D005C00DD /* ARViewProtocol.h */ = {isa = PBXFileReference; fileEncoding = 4; lastKnownFileType = sourcecode.c.h; path = ARViewProtocol.h; sourceTree = "<group>"; };
		CEB211B01957FD7D005C00DD /* AugmentedRealityController.h */ = {isa = PBXFileReference; fileEncoding = 4; lastKnownFileType = sourcecode.c.h; path = AugmentedRealityController.h; sourceTree = "<group>"; };
		CEB211B11957FD7D005C00DD /* AugmentedRealityController.m */ = {isa = PBXFileReference; fileEncoding = 4; lastKnownFileType = sourcecode.c.objc; path = AugmentedRealityController.m; sourceTree = "<group>"; };
		CEB211B21957FD7D005C00DD /* GEOLocations.h */ = {isa = PBXFileReference; fileEncoding = 4; lastKnownFileType = sourcecode.c.h; path = GEOLocations.h; sourceTree = "<group>"; };
		CEB211B31957FD7D005C00DD /* GEOLocations.m */ = {isa = PBXFileReference; fileEncoding = 4; lastKnownFileType = sourcecode.c.objc; path = GEOLocations.m; sourceTree = "<group>"; };
		CEB211B41957FD7D005C00DD /* MarkerView.h */ = {isa = PBXFileReference; fileEncoding = 4; lastKnownFileType = sourcecode.c.h; path = MarkerView.h; sourceTree = "<group>"; };
		CEB211B51957FD7D005C00DD /* MarkerView.m */ = {isa = PBXFileReference; fileEncoding = 4; lastKnownFileType = sourcecode.c.objc; path = MarkerView.m; sourceTree = "<group>"; };
		CEB211B61957FD7D005C00DD /* Radar.h */ = {isa = PBXFileReference; fileEncoding = 4; lastKnownFileType = sourcecode.c.h; path = Radar.h; sourceTree = "<group>"; };
		CEB211B71957FD7D005C00DD /* Radar.m */ = {isa = PBXFileReference; fileEncoding = 4; lastKnownFileType = sourcecode.c.objc; path = Radar.m; sourceTree = "<group>"; };
		CEB211B81957FD7D005C00DD /* RadarViewPortView.h */ = {isa = PBXFileReference; fileEncoding = 4; lastKnownFileType = sourcecode.c.h; path = RadarViewPortView.h; sourceTree = "<group>"; };
		CEB211B91957FD7D005C00DD /* RadarViewPortView.m */ = {isa = PBXFileReference; fileEncoding = 4; lastKnownFileType = sourcecode.c.objc; path = RadarViewPortView.m; sourceTree = "<group>"; };
		CEB211C31957FDF0005C00DD /* bgCallout.png */ = {isa = PBXFileReference; lastKnownFileType = image.png; path = bgCallout.png; sourceTree = "<group>"; };
		CEB211C41957FDF0005C00DD /* bgCallout@2x.png */ = {isa = PBXFileReference; lastKnownFileType = image.png; path = "bgCallout@2x.png"; sourceTree = "<group>"; };
		CEB211C51957FDF0005C00DD /* bgCalloutDisclosure.png */ = {isa = PBXFileReference; lastKnownFileType = image.png; path = bgCalloutDisclosure.png; sourceTree = "<group>"; };
		CEB211C61957FDF0005C00DD /* bgCalloutDisclosure@2x.png */ = {isa = PBXFileReference; lastKnownFileType = image.png; path = "bgCalloutDisclosure@2x.png"; sourceTree = "<group>"; };
		CEB211CB19580389005C00DD /* ARViewController.h */ = {isa = PBXFileReference; fileEncoding = 4; lastKnownFileType = sourcecode.c.h; name = ARViewController.h; path = "../../Third Party APIs/AR-Kit/ARViewController.h"; sourceTree = "<group>"; };
		CEB211CC19580389005C00DD /* ARViewController.m */ = {isa = PBXFileReference; fileEncoding = 4; lastKnownFileType = sourcecode.c.objc; name = ARViewController.m; path = "../../Third Party APIs/AR-Kit/ARViewController.m"; sourceTree = "<group>"; };
		CEB211D319580825005C00DD /* MapViewController.h */ = {isa = PBXFileReference; fileEncoding = 4; lastKnownFileType = sourcecode.c.h; path = MapViewController.h; sourceTree = "<group>"; };
		CEB211D419580825005C00DD /* MapViewController.m */ = {isa = PBXFileReference; fileEncoding = 4; lastKnownFileType = sourcecode.c.objc; path = MapViewController.m; sourceTree = "<group>"; };
		CEB211D519580825005C00DD /* MapViewController.xib */ = {isa = PBXFileReference; fileEncoding = 4; lastKnownFileType = file.xib; path = MapViewController.xib; sourceTree = "<group>"; };
		CEB211D8195809C3005C00DD /* Place.h */ = {isa = PBXFileReference; fileEncoding = 4; lastKnownFileType = sourcecode.c.h; path = Place.h; sourceTree = "<group>"; };
		CEB211D9195809C3005C00DD /* Place.m */ = {isa = PBXFileReference; fileEncoding = 4; lastKnownFileType = sourcecode.c.objc; path = Place.m; sourceTree = "<group>"; };
		CEB211DA195809C3005C00DD /* PlaceAnnotation.h */ = {isa = PBXFileReference; fileEncoding = 4; lastKnownFileType = sourcecode.c.h; path = PlaceAnnotation.h; sourceTree = "<group>"; };
		CEB211DB195809C3005C00DD /* PlaceAnnotation.m */ = {isa = PBXFileReference; fileEncoding = 4; lastKnownFileType = sourcecode.c.objc; path = PlaceAnnotation.m; sourceTree = "<group>"; };
		CEB343C6195A916A0047E6C4 /* GoogleMaps.bundle */ = {isa = PBXFileReference; lastKnownFileType = "wrapper.plug-in"; path = GoogleMaps.bundle; sourceTree = "<group>"; };
		CEB343C7195A916A0047E6C4 /* GoogleMaps.framework */ = {isa = PBXFileReference; lastKnownFileType = wrapper.framework; path = GoogleMaps.framework; sourceTree = "<group>"; };
		CEB343CA195A91950047E6C4 /* QuartzCore.framework */ = {isa = PBXFileReference; lastKnownFileType = wrapper.framework; name = QuartzCore.framework; path = System/Library/Frameworks/QuartzCore.framework; sourceTree = SDKROOT; };
		CEB343CC195A91A90047E6C4 /* ImageIO.framework */ = {isa = PBXFileReference; lastKnownFileType = wrapper.framework; name = ImageIO.framework; path = System/Library/Frameworks/ImageIO.framework; sourceTree = SDKROOT; };
		CEB343CE195A91B80047E6C4 /* GLKit.framework */ = {isa = PBXFileReference; lastKnownFileType = wrapper.framework; name = GLKit.framework; path = System/Library/Frameworks/GLKit.framework; sourceTree = SDKROOT; };
		CEB343D0195A92000047E6C4 /* libc++.dylib */ = {isa = PBXFileReference; lastKnownFileType = "compiled.mach-o.dylib"; name = "libc++.dylib"; path = "usr/lib/libc++.dylib"; sourceTree = SDKROOT; };
		CEB343D2195A921C0047E6C4 /* libicucore.dylib */ = {isa = PBXFileReference; lastKnownFileType = "compiled.mach-o.dylib"; name = libicucore.dylib; path = usr/lib/libicucore.dylib; sourceTree = SDKROOT; };
		CEB343D4195A92280047E6C4 /* libz.dylib */ = {isa = PBXFileReference; lastKnownFileType = "compiled.mach-o.dylib"; name = libz.dylib; path = usr/lib/libz.dylib; sourceTree = SDKROOT; };
		CEB343D6195A92380047E6C4 /* OpenGLES.framework */ = {isa = PBXFileReference; lastKnownFileType = wrapper.framework; name = OpenGLES.framework; path = System/Library/Frameworks/OpenGLES.framework; sourceTree = SDKROOT; };
		CEB343DA195A9B070047E6C4 /* CoreData.framework */ = {isa = PBXFileReference; lastKnownFileType = wrapper.framework; name = CoreData.framework; path = System/Library/Frameworks/CoreData.framework; sourceTree = SDKROOT; };
		CEBA623A19594F290070F064 /* pin.png */ = {isa = PBXFileReference; lastKnownFileType = image.png; path = pin.png; sourceTree = "<group>"; };
		CEBA623C19595C710070F064 /* pin2.png */ = {isa = PBXFileReference; lastKnownFileType = image.png; path = pin2.png; sourceTree = "<group>"; };
		E22142BA1945980F003E9535 /* Lavasa.app */ = {isa = PBXFileReference; explicitFileType = wrapper.application; includeInIndex = 0; path = Lavasa.app; sourceTree = BUILT_PRODUCTS_DIR; };
		E22142BD1945980F003E9535 /* Foundation.framework */ = {isa = PBXFileReference; lastKnownFileType = wrapper.framework; name = Foundation.framework; path = System/Library/Frameworks/Foundation.framework; sourceTree = SDKROOT; };
		E22142BF1945980F003E9535 /* CoreGraphics.framework */ = {isa = PBXFileReference; lastKnownFileType = wrapper.framework; name = CoreGraphics.framework; path = System/Library/Frameworks/CoreGraphics.framework; sourceTree = SDKROOT; };
		E22142C11945980F003E9535 /* UIKit.framework */ = {isa = PBXFileReference; lastKnownFileType = wrapper.framework; name = UIKit.framework; path = System/Library/Frameworks/UIKit.framework; sourceTree = SDKROOT; };
		E22142C51945980F003E9535 /* Lavasa-Info.plist */ = {isa = PBXFileReference; lastKnownFileType = text.plist.xml; path = "Lavasa-Info.plist"; sourceTree = "<group>"; };
		E22142C71945980F003E9535 /* en */ = {isa = PBXFileReference; lastKnownFileType = text.plist.strings; name = en; path = en.lproj/InfoPlist.strings; sourceTree = "<group>"; };
		E22142C91945980F003E9535 /* main.m */ = {isa = PBXFileReference; lastKnownFileType = sourcecode.c.objc; path = main.m; sourceTree = "<group>"; };
		E22142CB1945980F003E9535 /* Lavasa-Prefix.pch */ = {isa = PBXFileReference; lastKnownFileType = sourcecode.c.h; path = "Lavasa-Prefix.pch"; sourceTree = "<group>"; };
		E22142CF1945980F003E9535 /* Images.xcassets */ = {isa = PBXFileReference; lastKnownFileType = folder.assetcatalog; path = Images.xcassets; sourceTree = "<group>"; };
		E22142D51945980F003E9535 /* LavasaTests.xctest */ = {isa = PBXFileReference; explicitFileType = wrapper.cfbundle; includeInIndex = 0; path = LavasaTests.xctest; sourceTree = BUILT_PRODUCTS_DIR; };
		E22142D61945980F003E9535 /* XCTest.framework */ = {isa = PBXFileReference; lastKnownFileType = wrapper.framework; name = XCTest.framework; path = Library/Frameworks/XCTest.framework; sourceTree = DEVELOPER_DIR; };
		E22142DE1945980F003E9535 /* LavasaTests-Info.plist */ = {isa = PBXFileReference; lastKnownFileType = text.plist.xml; path = "LavasaTests-Info.plist"; sourceTree = "<group>"; };
		E22142E01945980F003E9535 /* en */ = {isa = PBXFileReference; lastKnownFileType = text.plist.strings; name = en; path = en.lproj/InfoPlist.strings; sourceTree = "<group>"; };
		E22142E21945980F003E9535 /* Lavasa_nibTests.m */ = {isa = PBXFileReference; lastKnownFileType = sourcecode.c.objc; path = Lavasa_nibTests.m; sourceTree = "<group>"; };
		E22142EE19459914003E9535 /* SWRevealViewController.h */ = {isa = PBXFileReference; fileEncoding = 4; lastKnownFileType = sourcecode.c.h; path = SWRevealViewController.h; sourceTree = "<group>"; };
		E22142EF19459914003E9535 /* SWRevealViewController.m */ = {isa = PBXFileReference; fileEncoding = 4; lastKnownFileType = sourcecode.c.objc; path = SWRevealViewController.m; sourceTree = "<group>"; };
		E22142F819459A05003E9535 /* lavasaAppDelegate.h */ = {isa = PBXFileReference; fileEncoding = 4; lastKnownFileType = sourcecode.c.h; path = lavasaAppDelegate.h; sourceTree = "<group>"; };
		E22142F919459A05003E9535 /* lavasaAppDelegate.m */ = {isa = PBXFileReference; fileEncoding = 4; lastKnownFileType = sourcecode.c.objc; path = lavasaAppDelegate.m; sourceTree = "<group>"; };
		E221430019459A46003E9535 /* MenuVC.h */ = {isa = PBXFileReference; fileEncoding = 4; lastKnownFileType = sourcecode.c.h; path = MenuVC.h; sourceTree = "<group>"; };
		E221430119459A46003E9535 /* MenuVC.m */ = {isa = PBXFileReference; fileEncoding = 4; lastKnownFileType = sourcecode.c.objc; path = MenuVC.m; sourceTree = "<group>"; };
		E221430219459A46003E9535 /* MenuVC.xib */ = {isa = PBXFileReference; fileEncoding = 4; lastKnownFileType = file.xib; path = MenuVC.xib; sourceTree = "<group>"; };
		E22143141945C107003E9535 /* FMDatabase.h */ = {isa = PBXFileReference; fileEncoding = 4; lastKnownFileType = sourcecode.c.h; path = FMDatabase.h; sourceTree = "<group>"; };
		E22143151945C107003E9535 /* FMDatabase.m */ = {isa = PBXFileReference; fileEncoding = 4; lastKnownFileType = sourcecode.c.objc; path = FMDatabase.m; sourceTree = "<group>"; };
		E22143161945C107003E9535 /* FMDatabaseAdditions.h */ = {isa = PBXFileReference; fileEncoding = 4; lastKnownFileType = sourcecode.c.h; path = FMDatabaseAdditions.h; sourceTree = "<group>"; };
		E22143171945C107003E9535 /* FMDatabaseAdditions.m */ = {isa = PBXFileReference; fileEncoding = 4; lastKnownFileType = sourcecode.c.objc; path = FMDatabaseAdditions.m; sourceTree = "<group>"; };
		E22143181945C107003E9535 /* FMDatabasePool.h */ = {isa = PBXFileReference; fileEncoding = 4; lastKnownFileType = sourcecode.c.h; path = FMDatabasePool.h; sourceTree = "<group>"; };
		E22143191945C107003E9535 /* FMDatabasePool.m */ = {isa = PBXFileReference; fileEncoding = 4; lastKnownFileType = sourcecode.c.objc; path = FMDatabasePool.m; sourceTree = "<group>"; };
		E221431A1945C107003E9535 /* FMDatabaseQueue.h */ = {isa = PBXFileReference; fileEncoding = 4; lastKnownFileType = sourcecode.c.h; path = FMDatabaseQueue.h; sourceTree = "<group>"; };
		E221431B1945C107003E9535 /* FMDatabaseQueue.m */ = {isa = PBXFileReference; fileEncoding = 4; lastKnownFileType = sourcecode.c.objc; path = FMDatabaseQueue.m; sourceTree = "<group>"; };
		E221431C1945C107003E9535 /* FMResultSet.h */ = {isa = PBXFileReference; fileEncoding = 4; lastKnownFileType = sourcecode.c.h; path = FMResultSet.h; sourceTree = "<group>"; };
		E221431D1945C107003E9535 /* FMResultSet.m */ = {isa = PBXFileReference; fileEncoding = 4; lastKnownFileType = sourcecode.c.objc; path = FMResultSet.m; sourceTree = "<group>"; };
		E22143231945C140003E9535 /* libsqlite3.0.dylib */ = {isa = PBXFileReference; lastKnownFileType = "compiled.mach-o.dylib"; name = libsqlite3.0.dylib; path = usr/lib/libsqlite3.0.dylib; sourceTree = SDKROOT; };
		E22143261945C230003E9535 /* webservice.h */ = {isa = PBXFileReference; fileEncoding = 4; lastKnownFileType = sourcecode.c.h; path = webservice.h; sourceTree = "<group>"; };
		E22143271945C230003E9535 /* webservice.m */ = {isa = PBXFileReference; fileEncoding = 4; lastKnownFileType = sourcecode.c.objc; path = webservice.m; sourceTree = "<group>"; };
		E22143281945C230003E9535 /* XMLReader.h */ = {isa = PBXFileReference; fileEncoding = 4; lastKnownFileType = sourcecode.c.h; path = XMLReader.h; sourceTree = "<group>"; };
		E22143291945C230003E9535 /* XMLReader.m */ = {isa = PBXFileReference; fileEncoding = 4; lastKnownFileType = sourcecode.c.objc; path = XMLReader.m; sourceTree = "<group>"; };
		E221432D1945C255003E9535 /* SDImageCache.h */ = {isa = PBXFileReference; fileEncoding = 4; lastKnownFileType = sourcecode.c.h; path = SDImageCache.h; sourceTree = "<group>"; };
		E221432E1945C255003E9535 /* SDImageCache.m */ = {isa = PBXFileReference; fileEncoding = 4; lastKnownFileType = sourcecode.c.objc; path = SDImageCache.m; sourceTree = "<group>"; };
		E221432F1945C255003E9535 /* SDImageCacheDelegate.h */ = {isa = PBXFileReference; fileEncoding = 4; lastKnownFileType = sourcecode.c.h; path = SDImageCacheDelegate.h; sourceTree = "<group>"; };
		E22143301945C255003E9535 /* SDWebImageCompat.h */ = {isa = PBXFileReference; fileEncoding = 4; lastKnownFileType = sourcecode.c.h; path = SDWebImageCompat.h; sourceTree = "<group>"; };
		E22143311945C255003E9535 /* SDWebImageDownloader.h */ = {isa = PBXFileReference; fileEncoding = 4; lastKnownFileType = sourcecode.c.h; path = SDWebImageDownloader.h; sourceTree = "<group>"; };
		E22143321945C255003E9535 /* SDWebImageDownloader.m */ = {isa = PBXFileReference; fileEncoding = 4; lastKnownFileType = sourcecode.c.objc; path = SDWebImageDownloader.m; sourceTree = "<group>"; };
		E22143331945C255003E9535 /* SDWebImageDownloaderDelegate.h */ = {isa = PBXFileReference; fileEncoding = 4; lastKnownFileType = sourcecode.c.h; path = SDWebImageDownloaderDelegate.h; sourceTree = "<group>"; };
		E22143341945C255003E9535 /* SDWebImageManager.h */ = {isa = PBXFileReference; fileEncoding = 4; lastKnownFileType = sourcecode.c.h; path = SDWebImageManager.h; sourceTree = "<group>"; };
		E22143351945C255003E9535 /* SDWebImageManager.m */ = {isa = PBXFileReference; fileEncoding = 4; lastKnownFileType = sourcecode.c.objc; path = SDWebImageManager.m; sourceTree = "<group>"; };
		E22143361945C255003E9535 /* SDWebImageManagerDelegate.h */ = {isa = PBXFileReference; fileEncoding = 4; lastKnownFileType = sourcecode.c.h; path = SDWebImageManagerDelegate.h; sourceTree = "<group>"; };
		E22143371945C255003E9535 /* UIButton+WebCache.h */ = {isa = PBXFileReference; fileEncoding = 4; lastKnownFileType = sourcecode.c.h; path = "UIButton+WebCache.h"; sourceTree = "<group>"; };
		E22143381945C255003E9535 /* UIButton+WebCache.m */ = {isa = PBXFileReference; fileEncoding = 4; lastKnownFileType = sourcecode.c.objc; path = "UIButton+WebCache.m"; sourceTree = "<group>"; };
		E22143391945C255003E9535 /* UIImageView+WebCache.h */ = {isa = PBXFileReference; fileEncoding = 4; lastKnownFileType = sourcecode.c.h; path = "UIImageView+WebCache.h"; sourceTree = "<group>"; };
		E221433A1945C255003E9535 /* UIImageView+WebCache.m */ = {isa = PBXFileReference; fileEncoding = 4; lastKnownFileType = sourcecode.c.objc; path = "UIImageView+WebCache.m"; sourceTree = "<group>"; };
		E22143411945C283003E9535 /* MBProgressHUD.h */ = {isa = PBXFileReference; fileEncoding = 4; lastKnownFileType = sourcecode.c.h; path = MBProgressHUD.h; sourceTree = "<group>"; };
		E22143421945C283003E9535 /* MBProgressHUD.m */ = {isa = PBXFileReference; fileEncoding = 4; lastKnownFileType = sourcecode.c.objc; path = MBProgressHUD.m; sourceTree = "<group>"; };
		E221434D1945C49F003E9535 /* Lavasa.db */ = {isa = PBXFileReference; lastKnownFileType = file; path = Lavasa.db; sourceTree = "<group>"; };
		E22CDF5E195AF9E100D8B1D1 /* FacebookSDK.framework */ = {isa = PBXFileReference; lastKnownFileType = wrapper.framework; name = FacebookSDK.framework; path = "Lavasa nib/Third Party APIs/External framework/FacebookSDK.framework"; sourceTree = "<group>"; };
		E22CDF69195AFA8800D8B1D1 /* AddReviewVC.h */ = {isa = PBXFileReference; fileEncoding = 4; lastKnownFileType = sourcecode.c.h; name = AddReviewVC.h; path = "Lavasa nib/Classes/DetailTab VCs/AddReviewVC.h"; sourceTree = SOURCE_ROOT; };
		E22CDF6A195AFA8800D8B1D1 /* AddReviewVC.m */ = {isa = PBXFileReference; fileEncoding = 4; lastKnownFileType = sourcecode.c.objc; name = AddReviewVC.m; path = "Lavasa nib/Classes/DetailTab VCs/AddReviewVC.m"; sourceTree = SOURCE_ROOT; };
		E22CDF6B195AFA8800D8B1D1 /* MapVC.h */ = {isa = PBXFileReference; fileEncoding = 4; lastKnownFileType = sourcecode.c.h; name = MapVC.h; path = "Lavasa nib/Classes/DetailTab VCs/MapVC.h"; sourceTree = SOURCE_ROOT; };
		E22CDF6C195AFA8800D8B1D1 /* MapVC.m */ = {isa = PBXFileReference; fileEncoding = 4; lastKnownFileType = sourcecode.c.objc; name = MapVC.m; path = "Lavasa nib/Classes/DetailTab VCs/MapVC.m"; sourceTree = SOURCE_ROOT; };
		E22CDF6D195AFA8800D8B1D1 /* ReviewVC.h */ = {isa = PBXFileReference; fileEncoding = 4; lastKnownFileType = sourcecode.c.h; name = ReviewVC.h; path = "Lavasa nib/Classes/DetailTab VCs/ReviewVC.h"; sourceTree = SOURCE_ROOT; };
		E22CDF6E195AFA8800D8B1D1 /* ReviewVC.m */ = {isa = PBXFileReference; fileEncoding = 4; lastKnownFileType = sourcecode.c.objc; name = ReviewVC.m; path = "Lavasa nib/Classes/DetailTab VCs/ReviewVC.m"; sourceTree = SOURCE_ROOT; };
		E22CDF72195AFACC00D8B1D1 /* ReviewTableCell.h */ = {isa = PBXFileReference; fileEncoding = 4; lastKnownFileType = sourcecode.c.h; path = ReviewTableCell.h; sourceTree = "<group>"; };
		E22CDF73195AFACC00D8B1D1 /* ReviewTableCell.m */ = {isa = PBXFileReference; fileEncoding = 4; lastKnownFileType = sourcecode.c.objc; path = ReviewTableCell.m; sourceTree = "<group>"; };
		E22CDF77195AFE9200D8B1D1 /* PlanTVC.h */ = {isa = PBXFileReference; fileEncoding = 4; lastKnownFileType = sourcecode.c.h; path = PlanTVC.h; sourceTree = "<group>"; };
		E22CDF78195AFE9200D8B1D1 /* PlanTVC.m */ = {isa = PBXFileReference; fileEncoding = 4; lastKnownFileType = sourcecode.c.objc; path = PlanTVC.m; sourceTree = "<group>"; };
		E22CDF7A195B02FA00D8B1D1 /* lavasa_web_service.sqlite */ = {isa = PBXFileReference; lastKnownFileType = file; path = lavasa_web_service.sqlite; sourceTree = "<group>"; };
		E26F01681952AA8300E3F714 /* DetailTab1.h */ = {isa = PBXFileReference; fileEncoding = 4; lastKnownFileType = sourcecode.c.h; name = DetailTab1.h; path = "Lavasa nib/Classes/DetailTab VCs/DetailTab1.h"; sourceTree = SOURCE_ROOT; };
		E26F01691952AA8300E3F714 /* DetailTab1.m */ = {isa = PBXFileReference; fileEncoding = 4; lastKnownFileType = sourcecode.c.objc; name = DetailTab1.m; path = "Lavasa nib/Classes/DetailTab VCs/DetailTab1.m"; sourceTree = SOURCE_ROOT; };
		E26F016E1952C1E700E3F714 /* DetailTab2.h */ = {isa = PBXFileReference; fileEncoding = 4; lastKnownFileType = sourcecode.c.h; name = DetailTab2.h; path = "Lavasa nib/Classes/DetailTab VCs/DetailTab2.h"; sourceTree = SOURCE_ROOT; };
		E26F016F1952C1E700E3F714 /* DetailTab2.m */ = {isa = PBXFileReference; fileEncoding = 4; lastKnownFileType = sourcecode.c.objc; name = DetailTab2.m; path = "Lavasa nib/Classes/DetailTab VCs/DetailTab2.m"; sourceTree = SOURCE_ROOT; };
		E26F01711952C48E00E3F714 /* AttractionTabVC.h */ = {isa = PBXFileReference; fileEncoding = 4; lastKnownFileType = sourcecode.c.h; path = AttractionTabVC.h; sourceTree = "<group>"; };
		E26F01721952C48E00E3F714 /* AttractionTabVC.m */ = {isa = PBXFileReference; fileEncoding = 4; lastKnownFileType = sourcecode.c.objc; path = AttractionTabVC.m; sourceTree = "<group>"; };
		E26F01731952C48E00E3F714 /* DetailTabVC.h */ = {isa = PBXFileReference; fileEncoding = 4; lastKnownFileType = sourcecode.c.h; path = DetailTabVC.h; sourceTree = "<group>"; };
		E26F01741952C48E00E3F714 /* DetailTabVC.m */ = {isa = PBXFileReference; fileEncoding = 4; lastKnownFileType = sourcecode.c.objc; path = DetailTabVC.m; sourceTree = "<group>"; };
		E26F01781952C4ED00E3F714 /* AttractionTVCell.h */ = {isa = PBXFileReference; fileEncoding = 4; lastKnownFileType = sourcecode.c.h; path = AttractionTVCell.h; sourceTree = "<group>"; };
		E26F01791952C4ED00E3F714 /* AttractionTVCell.m */ = {isa = PBXFileReference; fileEncoding = 4; lastKnownFileType = sourcecode.c.objc; path = AttractionTVCell.m; sourceTree = "<group>"; };
		E26F017B1952C51900E3F714 /* DetailTab2Cell.h */ = {isa = PBXFileReference; fileEncoding = 4; lastKnownFileType = sourcecode.c.h; path = DetailTab2Cell.h; sourceTree = "<group>"; };
		E26F017C1952C51900E3F714 /* DetailTab2Cell.m */ = {isa = PBXFileReference; fileEncoding = 4; lastKnownFileType = sourcecode.c.objc; path = DetailTab2Cell.m; sourceTree = "<group>"; };
		E26F01871953F66300E3F714 /* ImagePopupvVC.h */ = {isa = PBXFileReference; fileEncoding = 4; lastKnownFileType = sourcecode.c.h; name = ImagePopupvVC.h; path = "Lavasa nib/Classes/DetailTab VCs/ImagePopupvVC.h"; sourceTree = SOURCE_ROOT; };
		E26F01881953F66300E3F714 /* ImagePopupvVC.m */ = {isa = PBXFileReference; fileEncoding = 4; lastKnownFileType = sourcecode.c.objc; name = ImagePopupvVC.m; path = "Lavasa nib/Classes/DetailTab VCs/ImagePopupvVC.m"; sourceTree = SOURCE_ROOT; };
		E27A1F571946FE1D001F9A3C /* LoginVC.h */ = {isa = PBXFileReference; fileEncoding = 4; lastKnownFileType = sourcecode.c.h; path = LoginVC.h; sourceTree = "<group>"; };
		E27A1F581946FE1D001F9A3C /* LoginVC.m */ = {isa = PBXFileReference; fileEncoding = 4; lastKnownFileType = sourcecode.c.objc; path = LoginVC.m; sourceTree = "<group>"; };
		E27A1F591946FE1D001F9A3C /* LoginVC.xib */ = {isa = PBXFileReference; fileEncoding = 4; lastKnownFileType = file.xib; path = LoginVC.xib; sourceTree = "<group>"; };
		E27A1F6119471D2D001F9A3C /* SharedData.h */ = {isa = PBXFileReference; fileEncoding = 4; lastKnownFileType = sourcecode.c.h; path = SharedData.h; sourceTree = "<group>"; };
		E27A1F6219471D2D001F9A3C /* SharedData.m */ = {isa = PBXFileReference; fileEncoding = 4; lastKnownFileType = sourcecode.c.objc; path = SharedData.m; sourceTree = "<group>"; };
		E27A1F6619472233001F9A3C /* GooglePlus.bundle */ = {isa = PBXFileReference; lastKnownFileType = "wrapper.plug-in"; name = GooglePlus.bundle; path = "Lavasa nib/Third Party APIs/External framework/GooglePlus.bundle"; sourceTree = "<group>"; };
		E27A1F6719472233001F9A3C /* GooglePlus.framework */ = {isa = PBXFileReference; lastKnownFileType = wrapper.framework; name = GooglePlus.framework; path = "Lavasa nib/Third Party APIs/External framework/GooglePlus.framework"; sourceTree = "<group>"; };
		E27A1F6C1947224D001F9A3C /* AddressBook.framework */ = {isa = PBXFileReference; lastKnownFileType = wrapper.framework; name = AddressBook.framework; path = System/Library/Frameworks/AddressBook.framework; sourceTree = SDKROOT; };
		E27A1F6E1947225C001F9A3C /* AssetsLibrary.framework */ = {isa = PBXFileReference; lastKnownFileType = wrapper.framework; name = AssetsLibrary.framework; path = System/Library/Frameworks/AssetsLibrary.framework; sourceTree = SDKROOT; };
		E27A1F7019472262001F9A3C /* CoreLocation.framework */ = {isa = PBXFileReference; lastKnownFileType = wrapper.framework; name = CoreLocation.framework; path = System/Library/Frameworks/CoreLocation.framework; sourceTree = SDKROOT; };
		E27A1F7219472275001F9A3C /* CoreMotion.framework */ = {isa = PBXFileReference; lastKnownFileType = wrapper.framework; name = CoreMotion.framework; path = System/Library/Frameworks/CoreMotion.framework; sourceTree = SDKROOT; };
		E27A1F7419472284001F9A3C /* CoreText.framework */ = {isa = PBXFileReference; lastKnownFileType = wrapper.framework; name = CoreText.framework; path = System/Library/Frameworks/CoreText.framework; sourceTree = SDKROOT; };
		E27A1F761947229D001F9A3C /* MediaPlayer.framework */ = {isa = PBXFileReference; lastKnownFileType = wrapper.framework; name = MediaPlayer.framework; path = System/Library/Frameworks/MediaPlayer.framework; sourceTree = SDKROOT; };
		E27A1F78194722A2001F9A3C /* Security.framework */ = {isa = PBXFileReference; lastKnownFileType = wrapper.framework; name = Security.framework; path = System/Library/Frameworks/Security.framework; sourceTree = SDKROOT; };
		E27A1F7A194722AF001F9A3C /* SystemConfiguration.framework */ = {isa = PBXFileReference; lastKnownFileType = wrapper.framework; name = SystemConfiguration.framework; path = System/Library/Frameworks/SystemConfiguration.framework; sourceTree = SDKROOT; };
		E27A1F7C19472353001F9A3C /* Constants.h */ = {isa = PBXFileReference; lastKnownFileType = sourcecode.c.h; path = Constants.h; sourceTree = "<group>"; };
		E27A1F7F19481739001F9A3C /* GoogleOpenSource.framework */ = {isa = PBXFileReference; lastKnownFileType = wrapper.framework; name = GoogleOpenSource.framework; path = "Lavasa nib/Third Party APIs/External framework/GoogleOpenSource.framework"; sourceTree = "<group>"; };
		E27A1F8319485DA8001F9A3C /* EXPLORE_SELECT.png */ = {isa = PBXFileReference; lastKnownFileType = image.png; path = EXPLORE_SELECT.png; sourceTree = "<group>"; };
		E27A1F8419485DA9001F9A3C /* EXPLORE.png */ = {isa = PBXFileReference; lastKnownFileType = image.png; path = EXPLORE.png; sourceTree = "<group>"; };
		E27A1F8519485DA9001F9A3C /* HELP_SELECT.png */ = {isa = PBXFileReference; lastKnownFileType = image.png; path = HELP_SELECT.png; sourceTree = "<group>"; };
		E27A1F8619485DA9001F9A3C /* HELP.png */ = {isa = PBXFileReference; lastKnownFileType = image.png; path = HELP.png; sourceTree = "<group>"; };
		E27A1F8719485DA9001F9A3C /* PLAN_SELECT.png */ = {isa = PBXFileReference; lastKnownFileType = image.png; path = PLAN_SELECT.png; sourceTree = "<group>"; };
		E27A1F8819485DA9001F9A3C /* PLAN.png */ = {isa = PBXFileReference; lastKnownFileType = image.png; path = PLAN.png; sourceTree = "<group>"; };
		E27A1F8919485DA9001F9A3C /* reveal-icon.png */ = {isa = PBXFileReference; lastKnownFileType = image.png; path = "reveal-icon.png"; sourceTree = "<group>"; };
		E27A1F8A19485DA9001F9A3C /* SETTINGS_SELECT.png */ = {isa = PBXFileReference; lastKnownFileType = image.png; path = SETTINGS_SELECT.png; sourceTree = "<group>"; };
		E27A1F8B19485DA9001F9A3C /* SETTINGS.png */ = {isa = PBXFileReference; lastKnownFileType = image.png; path = SETTINGS.png; sourceTree = "<group>"; };
		E27A1F9519485F98001F9A3C /* lavasa.png */ = {isa = PBXFileReference; lastKnownFileType = image.png; path = lavasa.png; sourceTree = "<group>"; };
		E27E86F41949D2C0008509EC /* loginFb.png */ = {isa = PBXFileReference; lastKnownFileType = image.png; path = loginFb.png; sourceTree = "<group>"; };
		E27E86F51949D2C0008509EC /* loginG+.png */ = {isa = PBXFileReference; lastKnownFileType = image.png; path = "loginG+.png"; sourceTree = "<group>"; };
		E27E86F91949D87E008509EC /* DLStarRatingControl.h */ = {isa = PBXFileReference; fileEncoding = 4; lastKnownFileType = sourcecode.c.h; path = DLStarRatingControl.h; sourceTree = "<group>"; };
		E27E86FA1949D87E008509EC /* DLStarRatingControl.m */ = {isa = PBXFileReference; fileEncoding = 4; lastKnownFileType = sourcecode.c.objc; path = DLStarRatingControl.m; sourceTree = "<group>"; };
		E27E86FB1949D87E008509EC /* DLStarView.h */ = {isa = PBXFileReference; fileEncoding = 4; lastKnownFileType = sourcecode.c.h; path = DLStarView.h; sourceTree = "<group>"; };
		E27E86FC1949D87E008509EC /* DLStarView.m */ = {isa = PBXFileReference; fileEncoding = 4; lastKnownFileType = sourcecode.c.objc; path = DLStarView.m; sourceTree = "<group>"; };
		E27E86FE1949D87E008509EC /* star.png */ = {isa = PBXFileReference; lastKnownFileType = image.png; path = star.png; sourceTree = "<group>"; };
		E27E87001949D87E008509EC /* star_highlighted-darker.png */ = {isa = PBXFileReference; lastKnownFileType = image.png; path = "star_highlighted-darker.png"; sourceTree = "<group>"; };
		E27E87021949D87E008509EC /* star_highlighted.png */ = {isa = PBXFileReference; lastKnownFileType = image.png; path = star_highlighted.png; sourceTree = "<group>"; };
		E27E87041949D87E008509EC /* UIView+Subviews.h */ = {isa = PBXFileReference; fileEncoding = 4; lastKnownFileType = sourcecode.c.h; path = "UIView+Subviews.h"; sourceTree = "<group>"; };
		E27E87051949D87E008509EC /* UIView+Subviews.m */ = {isa = PBXFileReference; fileEncoding = 4; lastKnownFileType = sourcecode.c.objc; path = "UIView+Subviews.m"; sourceTree = "<group>"; };
		E28E2692194AFA580097F291 /* 120x120.png */ = {isa = PBXFileReference; lastKnownFileType = image.png; path = 120x120.png; sourceTree = "<group>"; };
		E2A8EBE1194EF84A00723FC6 /* LoginVC-ipad.xib */ = {isa = PBXFileReference; fileEncoding = 4; lastKnownFileType = file.xib; path = "LoginVC-ipad.xib"; sourceTree = "<group>"; };
		E2A8EC681950204500723FC6 /* AttractionTab2.h */ = {isa = PBXFileReference; fileEncoding = 4; lastKnownFileType = sourcecode.c.h; path = AttractionTab2.h; sourceTree = "<group>"; };
		E2A8EC691950204500723FC6 /* AttractionTab2.m */ = {isa = PBXFileReference; fileEncoding = 4; lastKnownFileType = sourcecode.c.objc; path = AttractionTab2.m; sourceTree = "<group>"; };
		E2A8EC6D1950417F00723FC6 /* AttractionTab3.h */ = {isa = PBXFileReference; fileEncoding = 4; lastKnownFileType = sourcecode.c.h; path = AttractionTab3.h; sourceTree = "<group>"; };
		E2A8EC6E1950417F00723FC6 /* AttractionTab3.m */ = {isa = PBXFileReference; fileEncoding = 4; lastKnownFileType = sourcecode.c.objc; path = AttractionTab3.m; sourceTree = "<group>"; };
		E2A8EC70195041AE00723FC6 /* AttractionTab4.h */ = {isa = PBXFileReference; fileEncoding = 4; lastKnownFileType = sourcecode.c.h; path = AttractionTab4.h; sourceTree = "<group>"; };
		E2A8EC71195041AE00723FC6 /* AttractionTab4.m */ = {isa = PBXFileReference; fileEncoding = 4; lastKnownFileType = sourcecode.c.objc; path = AttractionTab4.m; sourceTree = "<group>"; };
		E2A8EC73195041D400723FC6 /* AttractionTab5.h */ = {isa = PBXFileReference; fileEncoding = 4; lastKnownFileType = sourcecode.c.h; path = AttractionTab5.h; sourceTree = "<group>"; };
		E2A8EC74195041D400723FC6 /* AttractionTab5.m */ = {isa = PBXFileReference; fileEncoding = 4; lastKnownFileType = sourcecode.c.objc; path = AttractionTab5.m; sourceTree = "<group>"; };
		E2A8EC76195044D300723FC6 /* AttractionTab1.h */ = {isa = PBXFileReference; fileEncoding = 4; lastKnownFileType = sourcecode.c.h; path = AttractionTab1.h; sourceTree = "<group>"; };
		E2A8EC77195044D300723FC6 /* AttractionTab1.m */ = {isa = PBXFileReference; fileEncoding = 4; lastKnownFileType = sourcecode.c.objc; path = AttractionTab1.m; sourceTree = "<group>"; };
		E2A8EC921951683400723FC6 /* DetailTab3.h */ = {isa = PBXFileReference; fileEncoding = 4; lastKnownFileType = sourcecode.c.h; name = DetailTab3.h; path = "Lavasa nib/Classes/DetailTab VCs/DetailTab3.h"; sourceTree = SOURCE_ROOT; };
		E2A8EC931951683400723FC6 /* DetailTab3.m */ = {isa = PBXFileReference; fileEncoding = 4; lastKnownFileType = sourcecode.c.objc; name = DetailTab3.m; path = "Lavasa nib/Classes/DetailTab VCs/DetailTab3.m"; sourceTree = SOURCE_ROOT; };
		E2A8EC951951685A00723FC6 /* DetailTab4.h */ = {isa = PBXFileReference; fileEncoding = 4; lastKnownFileType = sourcecode.c.h; name = DetailTab4.h; path = "Lavasa nib/Classes/DetailTab VCs/DetailTab4.h"; sourceTree = SOURCE_ROOT; };
		E2A8EC961951685A00723FC6 /* DetailTab4.m */ = {isa = PBXFileReference; fileEncoding = 4; lastKnownFileType = sourcecode.c.objc; name = DetailTab4.m; path = "Lavasa nib/Classes/DetailTab VCs/DetailTab4.m"; sourceTree = SOURCE_ROOT; };
		E2A8EC9819516E5900723FC6 /* MapKit.framework */ = {isa = PBXFileReference; lastKnownFileType = wrapper.framework; name = MapKit.framework; path = System/Library/Frameworks/MapKit.framework; sourceTree = SDKROOT; };
/* End PBXFileReference section */

/* Begin PBXFrameworksBuildPhase section */
		E22142B71945980F003E9535 /* Frameworks */ = {
			isa = PBXFrameworksBuildPhase;
			buildActionMask = 2147483647;
			files = (
				CEB343DB195A9B080047E6C4 /* CoreData.framework in Frameworks */,
				CEB343D7195A92380047E6C4 /* OpenGLES.framework in Frameworks */,
				CEB343D5195A92280047E6C4 /* libz.dylib in Frameworks */,
				CEB343D3195A921C0047E6C4 /* libicucore.dylib in Frameworks */,
				CEB343D1195A92000047E6C4 /* libc++.dylib in Frameworks */,
				E27A1F7519472284001F9A3C /* CoreText.framework in Frameworks */,
				CEB343CF195A91B80047E6C4 /* GLKit.framework in Frameworks */,
				CEB343CD195A91A90047E6C4 /* ImageIO.framework in Frameworks */,
				CEB343CB195A91950047E6C4 /* QuartzCore.framework in Frameworks */,
				E2A8EC9919516E5900723FC6 /* MapKit.framework in Frameworks */,
				E27A1F7B194722AF001F9A3C /* SystemConfiguration.framework in Frameworks */,
				E27A1F79194722A2001F9A3C /* Security.framework in Frameworks */,
				E27A1F771947229D001F9A3C /* MediaPlayer.framework in Frameworks */,
				E22142C01945980F003E9535 /* CoreGraphics.framework in Frameworks */,
				E27A1F7319472275001F9A3C /* CoreMotion.framework in Frameworks */,
				E27A1F8019481739001F9A3C /* GoogleOpenSource.framework in Frameworks */,
				E27A1F7119472262001F9A3C /* CoreLocation.framework in Frameworks */,
				E27A1F6F1947225C001F9A3C /* AssetsLibrary.framework in Frameworks */,
				E27A1F6D1947224D001F9A3C /* AddressBook.framework in Frameworks */,
				E22143241945C140003E9535 /* libsqlite3.0.dylib in Frameworks */,
				E27A1F6B19472233001F9A3C /* GooglePlus.framework in Frameworks */,
				E22CDF5F195AF9E100D8B1D1 /* FacebookSDK.framework in Frameworks */,
				CEB343C9195A916B0047E6C4 /* GoogleMaps.framework in Frameworks */,
				E22142C21945980F003E9535 /* UIKit.framework in Frameworks */,
				E22142BE1945980F003E9535 /* Foundation.framework in Frameworks */,
			);
			runOnlyForDeploymentPostprocessing = 0;
		};
		E22142D21945980F003E9535 /* Frameworks */ = {
			isa = PBXFrameworksBuildPhase;
			buildActionMask = 2147483647;
			files = (
				E22142D71945980F003E9535 /* XCTest.framework in Frameworks */,
				E22142D91945980F003E9535 /* UIKit.framework in Frameworks */,
				E22142D81945980F003E9535 /* Foundation.framework in Frameworks */,
			);
			runOnlyForDeploymentPostprocessing = 0;
		};
/* End PBXFrameworksBuildPhase section */

/* Begin PBXGroup section */
		CE10B0F8194B306300F20946 /* ReportIncident */ = {
			isa = PBXGroup;
			children = (
				CE10B103194B313300F20946 /* PopoverListTVC.h */,
				CE10B104194B313300F20946 /* PopoverListTVC.m */,
				CE10B0FE194B30A500F20946 /* ReportIncidentTVC.h */,
				CE10B0FF194B30A500F20946 /* ReportIncidentTVC.m */,
				CE10B0F9194B306300F20946 /* DataBaseManager.h */,
				CE10B0FA194B306300F20946 /* DataBaseManager.m */,
			);
			path = ReportIncident;
			sourceTree = "<group>";
		};
		CEB211A71957FD7D005C00DD /* AR-Kit */ = {
			isa = PBXGroup;
			children = (
				CEB211A81957FD7D005C00DD /* ARCoordinate.h */,
				CEB211A91957FD7D005C00DD /* ARCoordinate.m */,
				CEB211AA1957FD7D005C00DD /* ARGeoCoordinate.h */,
				CEB211AB1957FD7D005C00DD /* ARGeoCoordinate.m */,
				CEB211AC1957FD7D005C00DD /* ARKit.h */,
				CEB211AD1957FD7D005C00DD /* ARKit.m */,
				CEB211AE1957FD7D005C00DD /* ARLocationDelegate.h */,
				CEB211AF1957FD7D005C00DD /* ARViewProtocol.h */,
				CEB211B01957FD7D005C00DD /* AugmentedRealityController.h */,
				CEB211B11957FD7D005C00DD /* AugmentedRealityController.m */,
				CEB211B21957FD7D005C00DD /* GEOLocations.h */,
				CEB211B31957FD7D005C00DD /* GEOLocations.m */,
				CEB211B41957FD7D005C00DD /* MarkerView.h */,
				CEB211B51957FD7D005C00DD /* MarkerView.m */,
				CEB211B61957FD7D005C00DD /* Radar.h */,
				CEB211B71957FD7D005C00DD /* Radar.m */,
				CEB211B81957FD7D005C00DD /* RadarViewPortView.h */,
				CEB211B91957FD7D005C00DD /* RadarViewPortView.m */,
			);
			path = "AR-Kit";
			sourceTree = "<group>";
		};
		CEB211C21957FDE2005C00DD /* AR */ = {
			isa = PBXGroup;
			children = (
				CEB211C31957FDF0005C00DD /* bgCallout.png */,
				CEB211C41957FDF0005C00DD /* bgCallout@2x.png */,
				CEB211C51957FDF0005C00DD /* bgCalloutDisclosure.png */,
				CEB211C61957FDF0005C00DD /* bgCalloutDisclosure@2x.png */,
			);
			name = AR;
			sourceTree = "<group>";
		};
		E22142B11945980F003E9535 = {
			isa = PBXGroup;
			children = (
				CE84DA0E194F05AE0039720D /* Main_iPad.storyboard */,
				CE10B101194B311100F20946 /* Main_iPhone.storyboard */,
				E27A1F7C19472353001F9A3C /* Constants.h */,
				E22142F2194599F0003E9535 /* App Delegate */,
				E221430D1945C0DC003E9535 /* Resourse */,
				E22142F1194599F0003E9535 /* Classes */,
				E22142EC19459914003E9535 /* Third Party APIs */,
				E22142C31945980F003E9535 /* Lavasa nib */,
				E22142DC1945980F003E9535 /* Lavasa nibTests */,
				E22142BC1945980F003E9535 /* Frameworks */,
				E22142BB1945980F003E9535 /* Products */,
			);
			sourceTree = "<group>";
		};
		E22142BB1945980F003E9535 /* Products */ = {
			isa = PBXGroup;
			children = (
				E22142BA1945980F003E9535 /* Lavasa.app */,
				E22142D51945980F003E9535 /* LavasaTests.xctest */,
			);
			name = Products;
			sourceTree = "<group>";
		};
		E22142BC1945980F003E9535 /* Frameworks */ = {
			isa = PBXGroup;
			children = (
				E22CDF5E195AF9E100D8B1D1 /* FacebookSDK.framework */,
				CEB343DA195A9B070047E6C4 /* CoreData.framework */,
				CEB343D6195A92380047E6C4 /* OpenGLES.framework */,
				CEB343D4195A92280047E6C4 /* libz.dylib */,
				CEB343D2195A921C0047E6C4 /* libicucore.dylib */,
				CEB343D0195A92000047E6C4 /* libc++.dylib */,
				CEB343CE195A91B80047E6C4 /* GLKit.framework */,
				CEB343CC195A91A90047E6C4 /* ImageIO.framework */,
				CEB343CA195A91950047E6C4 /* QuartzCore.framework */,
				CEB343C6195A916A0047E6C4 /* GoogleMaps.bundle */,
				CEB343C7195A916A0047E6C4 /* GoogleMaps.framework */,
				E2A8EC9819516E5900723FC6 /* MapKit.framework */,
				E27A1F7F19481739001F9A3C /* GoogleOpenSource.framework */,
				E27A1F7A194722AF001F9A3C /* SystemConfiguration.framework */,
				E27A1F78194722A2001F9A3C /* Security.framework */,
				E27A1F761947229D001F9A3C /* MediaPlayer.framework */,
				E27A1F7419472284001F9A3C /* CoreText.framework */,
				E27A1F7219472275001F9A3C /* CoreMotion.framework */,
				E27A1F7019472262001F9A3C /* CoreLocation.framework */,
				E27A1F6E1947225C001F9A3C /* AssetsLibrary.framework */,
				E27A1F6C1947224D001F9A3C /* AddressBook.framework */,
				E27A1F6619472233001F9A3C /* GooglePlus.bundle */,
				E27A1F6719472233001F9A3C /* GooglePlus.framework */,
				E22143231945C140003E9535 /* libsqlite3.0.dylib */,
				E22142BD1945980F003E9535 /* Foundation.framework */,
				E22142BF1945980F003E9535 /* CoreGraphics.framework */,
				E22142C11945980F003E9535 /* UIKit.framework */,
				E22142D61945980F003E9535 /* XCTest.framework */,
			);
			name = Frameworks;
			sourceTree = "<group>";
		};
		E22142C31945980F003E9535 /* Lavasa nib */ = {
			isa = PBXGroup;
			children = (
				E22142CF1945980F003E9535 /* Images.xcassets */,
				E22142C41945980F003E9535 /* Supporting Files */,
			);
			path = "Lavasa nib";
			sourceTree = "<group>";
		};
		E22142C41945980F003E9535 /* Supporting Files */ = {
			isa = PBXGroup;
			children = (
				E22142C51945980F003E9535 /* Lavasa-Info.plist */,
				E22142C61945980F003E9535 /* InfoPlist.strings */,
				E22142C91945980F003E9535 /* main.m */,
				E22142CB1945980F003E9535 /* Lavasa-Prefix.pch */,
			);
			name = "Supporting Files";
			sourceTree = "<group>";
		};
		E22142DC1945980F003E9535 /* Lavasa nibTests */ = {
			isa = PBXGroup;
			children = (
				E22142E21945980F003E9535 /* Lavasa_nibTests.m */,
				E22142DD1945980F003E9535 /* Supporting Files */,
			);
			path = "Lavasa nibTests";
			sourceTree = "<group>";
		};
		E22142DD1945980F003E9535 /* Supporting Files */ = {
			isa = PBXGroup;
			children = (
				E22142DE1945980F003E9535 /* LavasaTests-Info.plist */,
				E22142DF1945980F003E9535 /* InfoPlist.strings */,
			);
			name = "Supporting Files";
			sourceTree = "<group>";
		};
		E22142EC19459914003E9535 /* Third Party APIs */ = {
			isa = PBXGroup;
			children = (
				CEB211A71957FD7D005C00DD /* AR-Kit */,
				E27E86F81949D87E008509EC /* DLStarRating */,
				E22143401945C283003E9535 /* MBProgress */,
				E221432C1945C255003E9535 /* SDWeb */,
				E22143131945C0E8003E9535 /* FMDB */,
				E22142ED19459914003E9535 /* Sliding Menu */,
			);
			name = "Third Party APIs";
			path = "Lavasa nib/Third Party APIs";
			sourceTree = "<group>";
		};
		E22142ED19459914003E9535 /* Sliding Menu */ = {
			isa = PBXGroup;
			children = (
				E22142EE19459914003E9535 /* SWRevealViewController.h */,
				E22142EF19459914003E9535 /* SWRevealViewController.m */,
			);
			path = "Sliding Menu";
			sourceTree = "<group>";
		};
		E22142F1194599F0003E9535 /* Classes */ = {
			isa = PBXGroup;
			children = (
				E22CDF76195AFE9200D8B1D1 /* Plan VC */,
				E2A8EC8819515AAB00723FC6 /* Detail Tabs */,
				E2A8EC4F19501F2600723FC6 /* Attraction Tab VCs */,
				E26F01771952C4ED00E3F714 /* CustomCells */,
				E2A8EC3919500E4700723FC6 /* TabBarVC */,
				CE10B0F8194B306300F20946 /* ReportIncident */,
				E27A1F6019471D28001F9A3C /* Shared NS */,
				E22143251945C230003E9535 /* Webservice NS */,
				E27A1F561946FE07001F9A3C /* Login VC */,
				E22142F6194599F0003E9535 /* Menu VC */,
			);
			name = Classes;
			path = "Lavasa nib/Classes";
			sourceTree = "<group>";
		};
		E22142F2194599F0003E9535 /* App Delegate */ = {
			isa = PBXGroup;
			children = (
				E22142F819459A05003E9535 /* lavasaAppDelegate.h */,
				E22142F919459A05003E9535 /* lavasaAppDelegate.m */,
			);
			name = "App Delegate";
			path = "Lavasa nib/Classes/App Delegate";
			sourceTree = "<group>";
		};
		E22142F6194599F0003E9535 /* Menu VC */ = {
			isa = PBXGroup;
			children = (
				E221430019459A46003E9535 /* MenuVC.h */,
				E221430119459A46003E9535 /* MenuVC.m */,
				E221430219459A46003E9535 /* MenuVC.xib */,
			);
			path = "Menu VC";
			sourceTree = "<group>";
		};
		E221430D1945C0DC003E9535 /* Resourse */ = {
			isa = PBXGroup;
			children = (
				E221434C1945C49F003E9535 /* Sqlite db */,
				E22143461945C491003E9535 /* Images */,
			);
			name = Resourse;
			path = "Lavasa nib/Resourse";
			sourceTree = "<group>";
		};
		E22143131945C0E8003E9535 /* FMDB */ = {
			isa = PBXGroup;
			children = (
				E22143141945C107003E9535 /* FMDatabase.h */,
				E22143151945C107003E9535 /* FMDatabase.m */,
				E22143161945C107003E9535 /* FMDatabaseAdditions.h */,
				E22143171945C107003E9535 /* FMDatabaseAdditions.m */,
				E22143181945C107003E9535 /* FMDatabasePool.h */,
				E22143191945C107003E9535 /* FMDatabasePool.m */,
				E221431A1945C107003E9535 /* FMDatabaseQueue.h */,
				E221431B1945C107003E9535 /* FMDatabaseQueue.m */,
				E221431C1945C107003E9535 /* FMResultSet.h */,
				E221431D1945C107003E9535 /* FMResultSet.m */,
			);
			path = FMDB;
			sourceTree = "<group>";
		};
		E22143251945C230003E9535 /* Webservice NS */ = {
			isa = PBXGroup;
			children = (
				E22143261945C230003E9535 /* webservice.h */,
				E22143271945C230003E9535 /* webservice.m */,
				E22143281945C230003E9535 /* XMLReader.h */,
				E22143291945C230003E9535 /* XMLReader.m */,
			);
			path = "Webservice NS";
			sourceTree = "<group>";
		};
		E221432C1945C255003E9535 /* SDWeb */ = {
			isa = PBXGroup;
			children = (
				E221432D1945C255003E9535 /* SDImageCache.h */,
				E221432E1945C255003E9535 /* SDImageCache.m */,
				E221432F1945C255003E9535 /* SDImageCacheDelegate.h */,
				E22143301945C255003E9535 /* SDWebImageCompat.h */,
				E22143311945C255003E9535 /* SDWebImageDownloader.h */,
				E22143321945C255003E9535 /* SDWebImageDownloader.m */,
				E22143331945C255003E9535 /* SDWebImageDownloaderDelegate.h */,
				E22143341945C255003E9535 /* SDWebImageManager.h */,
				E22143351945C255003E9535 /* SDWebImageManager.m */,
				E22143361945C255003E9535 /* SDWebImageManagerDelegate.h */,
				E22143371945C255003E9535 /* UIButton+WebCache.h */,
				E22143381945C255003E9535 /* UIButton+WebCache.m */,
				E22143391945C255003E9535 /* UIImageView+WebCache.h */,
				E221433A1945C255003E9535 /* UIImageView+WebCache.m */,
			);
			path = SDWeb;
			sourceTree = "<group>";
		};
		E22143401945C283003E9535 /* MBProgress */ = {
			isa = PBXGroup;
			children = (
				E22143411945C283003E9535 /* MBProgressHUD.h */,
				E22143421945C283003E9535 /* MBProgressHUD.m */,
			);
			path = MBProgress;
			sourceTree = "<group>";
		};
		E22143461945C491003E9535 /* Images */ = {
			isa = PBXGroup;
			children = (
				CEB211C21957FDE2005C00DD /* AR */,
				E22143471945C491003E9535 /* App Images */,
				E22143491945C491003E9535 /* Icon Images */,
				E221434A1945C491003E9535 /* Splash Images */,
			);
			path = Images;
			sourceTree = "<group>";
		};
		E22143471945C491003E9535 /* App Images */ = {
			isa = PBXGroup;
			children = (
				E27E86F41949D2C0008509EC /* loginFb.png */,
				E27E86F51949D2C0008509EC /* loginG+.png */,
				E27A1F9519485F98001F9A3C /* lavasa.png */,
				E27A1F8319485DA8001F9A3C /* EXPLORE_SELECT.png */,
				E27A1F8419485DA9001F9A3C /* EXPLORE.png */,
				E27A1F8519485DA9001F9A3C /* HELP_SELECT.png */,
				E27A1F8619485DA9001F9A3C /* HELP.png */,
				E27A1F8719485DA9001F9A3C /* PLAN_SELECT.png */,
				E27A1F8819485DA9001F9A3C /* PLAN.png */,
				E27A1F8919485DA9001F9A3C /* reveal-icon.png */,
				E27A1F8A19485DA9001F9A3C /* SETTINGS_SELECT.png */,
				E27A1F8B19485DA9001F9A3C /* SETTINGS.png */,
			);
			path = "App Images";
			sourceTree = "<group>";
		};
		E22143491945C491003E9535 /* Icon Images */ = {
			isa = PBXGroup;
			children = (
				E28E2692194AFA580097F291 /* 120x120.png */,
			);
			path = "Icon Images";
			sourceTree = "<group>";
		};
		E221434A1945C491003E9535 /* Splash Images */ = {
			isa = PBXGroup;
			children = (
			);
			path = "Splash Images";
			sourceTree = "<group>";
		};
		E221434C1945C49F003E9535 /* Sqlite db */ = {
			isa = PBXGroup;
			children = (
				E22CDF7A195B02FA00D8B1D1 /* lavasa_web_service.sqlite */,
				E221434D1945C49F003E9535 /* Lavasa.db */,
				CE10B0FC194B308D00F20946 /* User.db */,
			);
			path = "Sqlite db";
			sourceTree = "<group>";
		};
		E22CDF76195AFE9200D8B1D1 /* Plan VC */ = {
			isa = PBXGroup;
			children = (
				E22CDF77195AFE9200D8B1D1 /* PlanTVC.h */,
				E22CDF78195AFE9200D8B1D1 /* PlanTVC.m */,
			);
			path = "Plan VC";
			sourceTree = "<group>";
		};
		E26F01771952C4ED00E3F714 /* CustomCells */ = {
			isa = PBXGroup;
			children = (
				E26F01781952C4ED00E3F714 /* AttractionTVCell.h */,
				E26F01791952C4ED00E3F714 /* AttractionTVCell.m */,
				E26F017B1952C51900E3F714 /* DetailTab2Cell.h */,
				E26F017C1952C51900E3F714 /* DetailTab2Cell.m */,
				E22CDF72195AFACC00D8B1D1 /* ReviewTableCell.h */,
				E22CDF73195AFACC00D8B1D1 /* ReviewTableCell.m */,
			);
			path = CustomCells;
			sourceTree = "<group>";
		};
		E27A1F561946FE07001F9A3C /* Login VC */ = {
			isa = PBXGroup;
			children = (
				E27A1F571946FE1D001F9A3C /* LoginVC.h */,
				E27A1F581946FE1D001F9A3C /* LoginVC.m */,
				E27A1F591946FE1D001F9A3C /* LoginVC.xib */,
				E2A8EBE1194EF84A00723FC6 /* LoginVC-ipad.xib */,
			);
			path = "Login VC";
			sourceTree = "<group>";
		};
		E27A1F6019471D28001F9A3C /* Shared NS */ = {
			isa = PBXGroup;
			children = (
				E27A1F6119471D2D001F9A3C /* SharedData.h */,
				E27A1F6219471D2D001F9A3C /* SharedData.m */,
			);
			path = "Shared NS";
			sourceTree = "<group>";
		};
		E27E86F81949D87E008509EC /* DLStarRating */ = {
			isa = PBXGroup;
			children = (
				E27E86F91949D87E008509EC /* DLStarRatingControl.h */,
				E27E86FA1949D87E008509EC /* DLStarRatingControl.m */,
				E27E86FB1949D87E008509EC /* DLStarView.h */,
				E27E86FC1949D87E008509EC /* DLStarView.m */,
				E27E86FD1949D87E008509EC /* images */,
				E27E87041949D87E008509EC /* UIView+Subviews.h */,
				E27E87051949D87E008509EC /* UIView+Subviews.m */,
			);
			path = DLStarRating;
			sourceTree = "<group>";
		};
		E27E86FD1949D87E008509EC /* images */ = {
			isa = PBXGroup;
			children = (
				E27E86FE1949D87E008509EC /* star.png */,
				E27E87001949D87E008509EC /* star_highlighted-darker.png */,
				E27E87021949D87E008509EC /* star_highlighted.png */,
			);
			path = images;
			sourceTree = "<group>";
		};
		E2A8EC3919500E4700723FC6 /* TabBarVC */ = {
			isa = PBXGroup;
			children = (
				E26F01711952C48E00E3F714 /* AttractionTabVC.h */,
				E26F01721952C48E00E3F714 /* AttractionTabVC.m */,
				E26F01731952C48E00E3F714 /* DetailTabVC.h */,
				E26F01741952C48E00E3F714 /* DetailTabVC.m */,
			);
			path = TabBarVC;
			sourceTree = "<group>";
		};
		E2A8EC4F19501F2600723FC6 /* Attraction Tab VCs */ = {
			isa = PBXGroup;
			children = (
				CEBA623A19594F290070F064 /* pin.png */,
				CEB211D8195809C3005C00DD /* Place.h */,
				CEB211D9195809C3005C00DD /* Place.m */,
				CEB211DA195809C3005C00DD /* PlaceAnnotation.h */,
				CEB211DB195809C3005C00DD /* PlaceAnnotation.m */,
				E2A8EC76195044D300723FC6 /* AttractionTab1.h */,
				E2A8EC77195044D300723FC6 /* AttractionTab1.m */,
				E2A8EC681950204500723FC6 /* AttractionTab2.h */,
				E2A8EC691950204500723FC6 /* AttractionTab2.m */,
				E2A8EC6D1950417F00723FC6 /* AttractionTab3.h */,
				E2A8EC6E1950417F00723FC6 /* AttractionTab3.m */,
				E2A8EC70195041AE00723FC6 /* AttractionTab4.h */,
				E2A8EC71195041AE00723FC6 /* AttractionTab4.m */,
				E2A8EC73195041D400723FC6 /* AttractionTab5.h */,
				E2A8EC74195041D400723FC6 /* AttractionTab5.m */,
				CEBA623C19595C710070F064 /* pin2.png */,
				CEB211D319580825005C00DD /* MapViewController.h */,
				CEB211D419580825005C00DD /* MapViewController.m */,
				CEB211D519580825005C00DD /* MapViewController.xib */,
				CEB211CB19580389005C00DD /* ARViewController.h */,
				CEB211CC19580389005C00DD /* ARViewController.m */,
			);
			path = "Attraction Tab VCs";
			sourceTree = "<group>";
		};
		E2A8EC8819515AAB00723FC6 /* Detail Tabs */ = {
			isa = PBXGroup;
			children = (
				E26F01681952AA8300E3F714 /* DetailTab1.h */,
				E26F01691952AA8300E3F714 /* DetailTab1.m */,
				E26F016E1952C1E700E3F714 /* DetailTab2.h */,
				E26F016F1952C1E700E3F714 /* DetailTab2.m */,
				E2A8EC921951683400723FC6 /* DetailTab3.h */,
				E2A8EC931951683400723FC6 /* DetailTab3.m */,
				E2A8EC951951685A00723FC6 /* DetailTab4.h */,
				E2A8EC961951685A00723FC6 /* DetailTab4.m */,
				E26F01871953F66300E3F714 /* ImagePopupvVC.h */,
				E26F01881953F66300E3F714 /* ImagePopupvVC.m */,
				E22CDF69195AFA8800D8B1D1 /* AddReviewVC.h */,
				E22CDF6A195AFA8800D8B1D1 /* AddReviewVC.m */,
				E22CDF6B195AFA8800D8B1D1 /* MapVC.h */,
				E22CDF6C195AFA8800D8B1D1 /* MapVC.m */,
				E22CDF6D195AFA8800D8B1D1 /* ReviewVC.h */,
				E22CDF6E195AFA8800D8B1D1 /* ReviewVC.m */,
			);
			path = "Detail Tabs";
			sourceTree = "<group>";
		};
/* End PBXGroup section */

/* Begin PBXNativeTarget section */
		E22142B91945980F003E9535 /* Lavasa */ = {
			isa = PBXNativeTarget;
			buildConfigurationList = E22142E61945980F003E9535 /* Build configuration list for PBXNativeTarget "Lavasa" */;
			buildPhases = (
				E22142B61945980F003E9535 /* Sources */,
				E22142B71945980F003E9535 /* Frameworks */,
				E22142B81945980F003E9535 /* Resources */,
			);
			buildRules = (
			);
			dependencies = (
			);
			name = Lavasa;
			productName = "Lavasa nib";
			productReference = E22142BA1945980F003E9535 /* Lavasa.app */;
			productType = "com.apple.product-type.application";
		};
		E22142D41945980F003E9535 /* LavasaTests */ = {
			isa = PBXNativeTarget;
			buildConfigurationList = E22142E91945980F003E9535 /* Build configuration list for PBXNativeTarget "LavasaTests" */;
			buildPhases = (
				E22142D11945980F003E9535 /* Sources */,
				E22142D21945980F003E9535 /* Frameworks */,
				E22142D31945980F003E9535 /* Resources */,
			);
			buildRules = (
			);
			dependencies = (
				E22142DB1945980F003E9535 /* PBXTargetDependency */,
			);
			name = LavasaTests;
			productName = "Lavasa nibTests";
			productReference = E22142D51945980F003E9535 /* LavasaTests.xctest */;
			productType = "com.apple.product-type.bundle.unit-test";
		};
/* End PBXNativeTarget section */

/* Begin PBXProject section */
		E22142B21945980F003E9535 /* Project object */ = {
			isa = PBXProject;
			attributes = {
				CLASSPREFIX = lavasa;
				LastUpgradeCheck = 0510;
				ORGANIZATIONNAME = Mediaagility;
				TargetAttributes = {
					E22142B91945980F003E9535 = {
						DevelopmentTeam = L4ER3QC7FE;
					};
					E22142D41945980F003E9535 = {
						TestTargetID = E22142B91945980F003E9535;
					};
				};
			};
			buildConfigurationList = E22142B51945980F003E9535 /* Build configuration list for PBXProject "Lavasa" */;
			compatibilityVersion = "Xcode 3.2";
			developmentRegion = English;
			hasScannedForEncodings = 0;
			knownRegions = (
				en,
			);
			mainGroup = E22142B11945980F003E9535;
			productRefGroup = E22142BB1945980F003E9535 /* Products */;
			projectDirPath = "";
			projectRoot = "";
			targets = (
				E22142B91945980F003E9535 /* Lavasa */,
				E22142D41945980F003E9535 /* LavasaTests */,
			);
		};
/* End PBXProject section */

/* Begin PBXResourcesBuildPhase section */
		E22142B81945980F003E9535 /* Resources */ = {
			isa = PBXResourcesBuildPhase;
			buildActionMask = 2147483647;
			files = (
				CE10B0FD194B308D00F20946 /* User.db in Resources */,
				CEB343C8195A916A0047E6C4 /* GoogleMaps.bundle in Resources */,
				E28E2693194AFA580097F291 /* 120x120.png in Resources */,
				E2A8EBE2194EF84A00723FC6 /* LoginVC-ipad.xib in Resources */,
				E22142C81945980F003E9535 /* InfoPlist.strings in Resources */,
				E27A1F9619485F98001F9A3C /* lavasa.png in Resources */,
				E221430419459A46003E9535 /* MenuVC.xib in Resources */,
				E27E86F61949D2C0008509EC /* loginFb.png in Resources */,
				CEB211D719580825005C00DD /* MapViewController.xib in Resources */,
				E27E870C1949D87E008509EC /* star_highlighted.png in Resources */,
				E27A1F8E19485DA9001F9A3C /* HELP_SELECT.png in Resources */,
				E27A1F9219485DA9001F9A3C /* reveal-icon.png in Resources */,
				CEB211C81957FDF0005C00DD /* bgCallout@2x.png in Resources */,
				E27E870A1949D87E008509EC /* star_highlighted-darker.png in Resources */,
				E221434E1945C49F003E9535 /* Lavasa.db in Resources */,
				E22CDF7B195B02FA00D8B1D1 /* lavasa_web_service.sqlite in Resources */,
				CEB211CA1957FDF0005C00DD /* bgCalloutDisclosure@2x.png in Resources */,
				E27A1F8F19485DA9001F9A3C /* HELP.png in Resources */,
				E27A1F9319485DA9001F9A3C /* SETTINGS_SELECT.png in Resources */,
				CE84DA0F194F05AE0039720D /* Main_iPad.storyboard in Resources */,
				E27E87081949D87E008509EC /* star.png in Resources */,
				CEB211C91957FDF0005C00DD /* bgCalloutDisclosure.png in Resources */,
				E27A1F9119485DA9001F9A3C /* PLAN.png in Resources */,
				E22142D01945980F003E9535 /* Images.xcassets in Resources */,
				CEB211C71957FDF0005C00DD /* bgCallout.png in Resources */,
				E27A1F9419485DA9001F9A3C /* SETTINGS.png in Resources */,
				E27E86F71949D2C0008509EC /* loginG+.png in Resources */,
				E27A1F8D19485DA9001F9A3C /* EXPLORE.png in Resources */,
				E27A1F8C19485DA9001F9A3C /* EXPLORE_SELECT.png in Resources */,
				CEBA623B19594F290070F064 /* pin.png in Resources */,
				E27A1F9019485DA9001F9A3C /* PLAN_SELECT.png in Resources */,
				CEBA623D19595C710070F064 /* pin2.png in Resources */,
				CE10B102194B311100F20946 /* Main_iPhone.storyboard in Resources */,
				E27A1F6A19472233001F9A3C /* GooglePlus.bundle in Resources */,
				E27A1F5B1946FE1D001F9A3C /* LoginVC.xib in Resources */,
			);
			runOnlyForDeploymentPostprocessing = 0;
		};
		E22142D31945980F003E9535 /* Resources */ = {
			isa = PBXResourcesBuildPhase;
			buildActionMask = 2147483647;
			files = (
				E22142E11945980F003E9535 /* InfoPlist.strings in Resources */,
			);
			runOnlyForDeploymentPostprocessing = 0;
		};
/* End PBXResourcesBuildPhase section */

/* Begin PBXSourcesBuildPhase section */
		E22142B61945980F003E9535 /* Sources */ = {
			isa = PBXSourcesBuildPhase;
			buildActionMask = 2147483647;
			files = (
				E27E870E1949D87E008509EC /* UIView+Subviews.m in Sources */,
				CEB211C11957FD7D005C00DD /* RadarViewPortView.m in Sources */,
				E27A1F6319471D2D001F9A3C /* SharedData.m in Sources */,
				CEB211C01957FD7D005C00DD /* Radar.m in Sources */,
				E221433E1945C255003E9535 /* UIButton+WebCache.m in Sources */,
				E22CDF70195AFA8800D8B1D1 /* MapVC.m in Sources */,
				E27A1F5A1946FE1D001F9A3C /* LoginVC.m in Sources */,
				CEB211D619580825005C00DD /* MapViewController.m in Sources */,
				E2A8EC6A1950204500723FC6 /* AttractionTab2.m in Sources */,
				E2A8EC6F1950417F00723FC6 /* AttractionTab3.m in Sources */,
				E221433D1945C255003E9535 /* SDWebImageManager.m in Sources */,
				E22142CA1945980F003E9535 /* main.m in Sources */,
				E221431E1945C107003E9535 /* FMDatabase.m in Sources */,
				CEB211BB1957FD7D005C00DD /* ARGeoCoordinate.m in Sources */,
				E26F01751952C48E00E3F714 /* AttractionTabVC.m in Sources */,
				E221433C1945C255003E9535 /* SDWebImageDownloader.m in Sources */,
				CEB211BD1957FD7D005C00DD /* AugmentedRealityController.m in Sources */,
				E22CDF6F195AFA8800D8B1D1 /* AddReviewVC.m in Sources */,
				E22CDF74195AFACC00D8B1D1 /* ReviewTableCell.m in Sources */,
				CE10B100194B30A500F20946 /* ReportIncidentTVC.m in Sources */,
				E22CDF79195AFE9200D8B1D1 /* PlanTVC.m in Sources */,
				CEB211BA1957FD7D005C00DD /* ARCoordinate.m in Sources */,
				E22143431945C283003E9535 /* MBProgressHUD.m in Sources */,
				E27E87061949D87E008509EC /* DLStarRatingControl.m in Sources */,
				E22143201945C107003E9535 /* FMDatabasePool.m in Sources */,
				E22143211945C107003E9535 /* FMDatabaseQueue.m in Sources */,
				E2A8EC75195041D400723FC6 /* AttractionTab5.m in Sources */,
				E26F017D1952C51900E3F714 /* DetailTab2Cell.m in Sources */,
				E2A8EC971951685A00723FC6 /* DetailTab4.m in Sources */,
				E22142FA19459A05003E9535 /* lavasaAppDelegate.m in Sources */,
				E22CDF71195AFA8800D8B1D1 /* ReviewVC.m in Sources */,
				E27E87071949D87E008509EC /* DLStarView.m in Sources */,
				E221430319459A46003E9535 /* MenuVC.m in Sources */,
				E221432B1945C230003E9535 /* XMLReader.m in Sources */,
				E22143221945C107003E9535 /* FMResultSet.m in Sources */,
				E26F01701952C1E700E3F714 /* DetailTab2.m in Sources */,
				CE10B0FB194B306300F20946 /* DataBaseManager.m in Sources */,
				CEB211CD19580389005C00DD /* ARViewController.m in Sources */,
				CE10B105194B313300F20946 /* PopoverListTVC.m in Sources */,
				E26F016A1952AA8300E3F714 /* DetailTab1.m in Sources */,
				CEB211DC195809C3005C00DD /* Place.m in Sources */,
				E22142F019459914003E9535 /* SWRevealViewController.m in Sources */,
				CEB211BE1957FD7D005C00DD /* GEOLocations.m in Sources */,
				E2A8EC941951683400723FC6 /* DetailTab3.m in Sources */,
				E2A8EC78195044D300723FC6 /* AttractionTab1.m in Sources */,
				CEB211BF1957FD7D005C00DD /* MarkerView.m in Sources */,
				CEB211BC1957FD7D005C00DD /* ARKit.m in Sources */,
				E26F01891953F66300E3F714 /* ImagePopupvVC.m in Sources */,
				E221433F1945C255003E9535 /* UIImageView+WebCache.m in Sources */,
				CEB211DD195809C3005C00DD /* PlaceAnnotation.m in Sources */,
				E221432A1945C230003E9535 /* webservice.m in Sources */,
				E221431F1945C107003E9535 /* FMDatabaseAdditions.m in Sources */,
				E26F01761952C48E00E3F714 /* DetailTabVC.m in Sources */,
				E221433B1945C255003E9535 /* SDImageCache.m in Sources */,
				E2A8EC72195041AE00723FC6 /* AttractionTab4.m in Sources */,
				E26F017A1952C4ED00E3F714 /* AttractionTVCell.m in Sources */,
			);
			runOnlyForDeploymentPostprocessing = 0;
		};
		E22142D11945980F003E9535 /* Sources */ = {
			isa = PBXSourcesBuildPhase;
			buildActionMask = 2147483647;
			files = (
				E22142E31945980F003E9535 /* Lavasa_nibTests.m in Sources */,
			);
			runOnlyForDeploymentPostprocessing = 0;
		};
/* End PBXSourcesBuildPhase section */

/* Begin PBXTargetDependency section */
		E22142DB1945980F003E9535 /* PBXTargetDependency */ = {
			isa = PBXTargetDependency;
			target = E22142B91945980F003E9535 /* Lavasa */;
			targetProxy = E22142DA1945980F003E9535 /* PBXContainerItemProxy */;
		};
/* End PBXTargetDependency section */

/* Begin PBXVariantGroup section */
		E22142C61945980F003E9535 /* InfoPlist.strings */ = {
			isa = PBXVariantGroup;
			children = (
				E22142C71945980F003E9535 /* en */,
			);
			name = InfoPlist.strings;
			sourceTree = "<group>";
		};
		E22142DF1945980F003E9535 /* InfoPlist.strings */ = {
			isa = PBXVariantGroup;
			children = (
				E22142E01945980F003E9535 /* en */,
			);
			name = InfoPlist.strings;
			sourceTree = "<group>";
		};
/* End PBXVariantGroup section */

/* Begin XCBuildConfiguration section */
		E22142E41945980F003E9535 /* Debug */ = {
			isa = XCBuildConfiguration;
			buildSettings = {
				ALWAYS_SEARCH_USER_PATHS = NO;
				CLANG_CXX_LANGUAGE_STANDARD = "gnu++0x";
				CLANG_CXX_LIBRARY = "libc++";
				CLANG_ENABLE_MODULES = YES;
				CLANG_ENABLE_OBJC_ARC = YES;
				CLANG_WARN_BOOL_CONVERSION = YES;
				CLANG_WARN_CONSTANT_CONVERSION = YES;
				CLANG_WARN_DIRECT_OBJC_ISA_USAGE = YES_ERROR;
				CLANG_WARN_EMPTY_BODY = YES;
				CLANG_WARN_ENUM_CONVERSION = YES;
				CLANG_WARN_INT_CONVERSION = YES;
				CLANG_WARN_OBJC_ROOT_CLASS = YES_ERROR;
				CLANG_WARN__DUPLICATE_METHOD_MATCH = YES;
				"CODE_SIGN_IDENTITY[sdk=iphoneos*]" = "iPhone Developer";
				COPY_PHASE_STRIP = NO;
				GCC_C_LANGUAGE_STANDARD = gnu99;
				GCC_DYNAMIC_NO_PIC = NO;
				GCC_OPTIMIZATION_LEVEL = 0;
				GCC_PREPROCESSOR_DEFINITIONS = (
					"DEBUG=1",
					"$(inherited)",
				);
				GCC_SYMBOLS_PRIVATE_EXTERN = NO;
				GCC_WARN_64_TO_32_BIT_CONVERSION = YES;
				GCC_WARN_ABOUT_RETURN_TYPE = YES_ERROR;
				GCC_WARN_UNDECLARED_SELECTOR = YES;
				GCC_WARN_UNINITIALIZED_AUTOS = YES;
				GCC_WARN_UNUSED_FUNCTION = YES;
				GCC_WARN_UNUSED_VARIABLE = YES;
				IPHONEOS_DEPLOYMENT_TARGET = 6.0;
				ONLY_ACTIVE_ARCH = YES;
				SDKROOT = iphoneos;
			};
			name = Debug;
		};
		E22142E51945980F003E9535 /* Release */ = {
			isa = XCBuildConfiguration;
			buildSettings = {
				ALWAYS_SEARCH_USER_PATHS = NO;
				CLANG_CXX_LANGUAGE_STANDARD = "gnu++0x";
				CLANG_CXX_LIBRARY = "libc++";
				CLANG_ENABLE_MODULES = YES;
				CLANG_ENABLE_OBJC_ARC = YES;
				CLANG_WARN_BOOL_CONVERSION = YES;
				CLANG_WARN_CONSTANT_CONVERSION = YES;
				CLANG_WARN_DIRECT_OBJC_ISA_USAGE = YES_ERROR;
				CLANG_WARN_EMPTY_BODY = YES;
				CLANG_WARN_ENUM_CONVERSION = YES;
				CLANG_WARN_INT_CONVERSION = YES;
				CLANG_WARN_OBJC_ROOT_CLASS = YES_ERROR;
				CLANG_WARN__DUPLICATE_METHOD_MATCH = YES;
				"CODE_SIGN_IDENTITY[sdk=iphoneos*]" = "iPhone Developer";
				COPY_PHASE_STRIP = YES;
				ENABLE_NS_ASSERTIONS = NO;
				GCC_C_LANGUAGE_STANDARD = gnu99;
				GCC_WARN_64_TO_32_BIT_CONVERSION = YES;
				GCC_WARN_ABOUT_RETURN_TYPE = YES_ERROR;
				GCC_WARN_UNDECLARED_SELECTOR = YES;
				GCC_WARN_UNINITIALIZED_AUTOS = YES;
				GCC_WARN_UNUSED_FUNCTION = YES;
				GCC_WARN_UNUSED_VARIABLE = YES;
				IPHONEOS_DEPLOYMENT_TARGET = 6.0;
				SDKROOT = iphoneos;
				VALIDATE_PRODUCT = YES;
			};
			name = Release;
		};
		E22142E71945980F003E9535 /* Debug */ = {
			isa = XCBuildConfiguration;
			buildSettings = {
				ASSETCATALOG_COMPILER_LAUNCHIMAGE_NAME = LaunchImage;
				CODE_SIGN_IDENTITY = "iPhone Developer";
				"CODE_SIGN_IDENTITY[sdk=iphoneos*]" = "iPhone Developer";
				FRAMEWORK_SEARCH_PATHS = (
					"$(inherited)",
					/Users/vivek/Desktop/Vivek,
					/Projects/new,
					projects/lavasa/Lavasa,
					nib,
					/Users/vivek/Desktop/Vivek,
					/Projects/new,
					projects/lavasa/Lavasa,
					nib/Lavasa,
					nib/Third,
					Party,
					APIs/External,
					framework,
					/Users/vivek/Desktop/Vivek,
					/Projects/new,
					projects/lavasa/lavasa,
					final/Lavasa,
					nib,
					10june/Lavasa,
					nib/Third,
					Party,
					APIs/External,
					framework,
					/Users/vivek/Desktop/Vivek,
					/Projects/new,
					projects/lavasa/lavasa,
					final/Lavasa,
					nib,
					11june/Lavasa,
					nib/Third,
					Party,
					APIs/External,
					framework,
					/Users/vivek/Desktop/Vivek,
					/Projects/new,
					projects/lavasa/lavasa,
					final/Lavasa,
					nib,
					12june/Lavasa,
					nib/Third,
					Party,
					APIs/External,
					framework,
					"$(PROJECT_DIR)/Lavasa",
					nib/Third,
					Party,
					APIs/External,
					framework,
					"$(PROJECT_DIR)/Lavasa",
					nib/Third,
					Party,
					APIs/External,
					framework,
					"$(PROJECT_DIR)/Lavasa",
					nib/Third,
					Party,
					APIs/External,
					framework,
					"$(PROJECT_DIR)/Lavasa",
					nib/Third,
					Party,
					APIs/External,
					framework,
					"$(PROJECT_DIR)/Lavasa",
					nib/Third,
					Party,
					APIs/External,
					framework,
					"$(PROJECT_DIR)/Lavasa",
					nib/Third,
					Party,
					APIs/External,
					framework,
					"$(PROJECT_DIR)/Lavasa",
					nib/Third,
					Party,
					APIs/External,
					framework,
					"$(PROJECT_DIR)/Lavasa",
					nib/Third,
					Party,
					APIs/External,
					framework,
					"$(PROJECT_DIR)/Lavasa",
					nib/Third,
					Party,
					APIs/External,
					framework,
					"$(PROJECT_DIR)/Lavasa",
					nib/Third,
					Party,
					APIs/External,
					framework,
					"$(PROJECT_DIR)/Lavasa",
					nib/Third,
					Party,
					APIs/External,
					framework,
					"$(PROJECT_DIR)/Lavasa",
					nib/Third,
					Party,
					APIs/External,
					framework,
					"$(PROJECT_DIR)/Lavasa",
					nib/Third,
					Party,
					APIs/External,
					framework,
					"$(PROJECT_DIR)",
					"$(PROJECT_DIR)/Lavasa",
					nib/Third,
					Party,
					APIs/External,
					framework,
					"$(PROJECT_DIR)/Lavasa",
					nib/Third,
					Party,
					APIs/External,
					framework,
				);
				GCC_PRECOMPILE_PREFIX_HEADER = YES;
				GCC_PREFIX_HEADER = "Lavasa nib/Lavasa-Prefix.pch";
				INFOPLIST_FILE = "Lavasa nib/Lavasa-Info.plist";
				IPHONEOS_DEPLOYMENT_TARGET = 6.0;
				OTHER_LDFLAGS = "-ObjC";
				PRODUCT_NAME = Lavasa;
				PROVISIONING_PROFILE = "";
				TARGETED_DEVICE_FAMILY = "1,2";
				WRAPPER_EXTENSION = app;
			};
			name = Debug;
		};
		E22142E81945980F003E9535 /* Release */ = {
			isa = XCBuildConfiguration;
			buildSettings = {
				ASSETCATALOG_COMPILER_LAUNCHIMAGE_NAME = LaunchImage;
				CODE_SIGN_IDENTITY = "iPhone Developer";
				"CODE_SIGN_IDENTITY[sdk=iphoneos*]" = "iPhone Developer";
				FRAMEWORK_SEARCH_PATHS = (
					"$(inherited)",
					/Users/vivek/Desktop/Vivek,
					/Projects/new,
					projects/lavasa/Lavasa,
					nib,
					/Users/vivek/Desktop/Vivek,
					/Projects/new,
					projects/lavasa/Lavasa,
					nib/Lavasa,
					nib/Third,
					Party,
					APIs/External,
					framework,
					/Users/vivek/Desktop/Vivek,
					/Projects/new,
					projects/lavasa/lavasa,
					final/Lavasa,
					nib,
					10june/Lavasa,
					nib/Third,
					Party,
					APIs/External,
					framework,
					/Users/vivek/Desktop/Vivek,
					/Projects/new,
					projects/lavasa/lavasa,
					final/Lavasa,
					nib,
					11june/Lavasa,
					nib/Third,
					Party,
					APIs/External,
					framework,
					/Users/vivek/Desktop/Vivek,
					/Projects/new,
					projects/lavasa/lavasa,
					final/Lavasa,
					nib,
					12june/Lavasa,
					nib/Third,
					Party,
					APIs/External,
					framework,
					"$(PROJECT_DIR)/Lavasa",
					nib/Third,
					Party,
					APIs/External,
					framework,
					"$(PROJECT_DIR)/Lavasa",
					nib/Third,
					Party,
					APIs/External,
					framework,
					"$(PROJECT_DIR)/Lavasa",
					nib/Third,
					Party,
					APIs/External,
					framework,
					"$(PROJECT_DIR)/Lavasa",
					nib/Third,
					Party,
					APIs/External,
					framework,
					"$(PROJECT_DIR)/Lavasa",
					nib/Third,
					Party,
					APIs/External,
					framework,
					"$(PROJECT_DIR)/Lavasa",
					nib/Third,
					Party,
					APIs/External,
					framework,
					"$(PROJECT_DIR)/Lavasa",
					nib/Third,
					Party,
					APIs/External,
					framework,
					"$(PROJECT_DIR)/Lavasa",
					nib/Third,
					Party,
					APIs/External,
					framework,
					"$(PROJECT_DIR)/Lavasa",
					nib/Third,
					Party,
					APIs/External,
					framework,
					"$(PROJECT_DIR)/Lavasa",
					nib/Third,
					Party,
					APIs/External,
					framework,
					"$(PROJECT_DIR)/Lavasa",
					nib/Third,
					Party,
					APIs/External,
					framework,
					"$(PROJECT_DIR)/Lavasa",
					nib/Third,
					Party,
					APIs/External,
					framework,
					"$(PROJECT_DIR)/Lavasa",
					nib/Third,
					Party,
					APIs/External,
					framework,
					"$(PROJECT_DIR)",
					"$(PROJECT_DIR)/Lavasa",
					nib/Third,
					Party,
					APIs/External,
					framework,
					"$(PROJECT_DIR)/Lavasa",
					nib/Third,
					Party,
					APIs/External,
					framework,
				);
				GCC_PRECOMPILE_PREFIX_HEADER = YES;
				GCC_PREFIX_HEADER = "Lavasa nib/Lavasa-Prefix.pch";
				INFOPLIST_FILE = "Lavasa nib/Lavasa-Info.plist";
				IPHONEOS_DEPLOYMENT_TARGET = 6.0;
				OTHER_LDFLAGS = "-ObjC";
				PRODUCT_NAME = Lavasa;
				PROVISIONING_PROFILE = "";
				TARGETED_DEVICE_FAMILY = "1,2";
				WRAPPER_EXTENSION = app;
			};
			name = Release;
		};
		E22142EA1945980F003E9535 /* Debug */ = {
			isa = XCBuildConfiguration;
			buildSettings = {
				BUNDLE_LOADER = "$(BUILT_PRODUCTS_DIR)/Lavasa nib.app/Lavasa nib";
				FRAMEWORK_SEARCH_PATHS = (
					"$(SDKROOT)/Developer/Library/Frameworks",
					"$(inherited)",
					"$(DEVELOPER_FRAMEWORKS_DIR)",
				);
				GCC_PRECOMPILE_PREFIX_HEADER = YES;
				GCC_PREFIX_HEADER = "Lavasa nib/Lavasa nib-Prefix.pch";
				GCC_PREPROCESSOR_DEFINITIONS = (
					"DEBUG=1",
					"$(inherited)",
				);
				INFOPLIST_FILE = "Lavasa nibTests/LavasaTests-Info.plist";
				PRODUCT_NAME = LavasaTests;
				TEST_HOST = "$(BUNDLE_LOADER)";
				WRAPPER_EXTENSION = xctest;
			};
			name = Debug;
		};
		E22142EB1945980F003E9535 /* Release */ = {
			isa = XCBuildConfiguration;
			buildSettings = {
				BUNDLE_LOADER = "$(BUILT_PRODUCTS_DIR)/Lavasa nib.app/Lavasa nib";
				FRAMEWORK_SEARCH_PATHS = (
					"$(SDKROOT)/Developer/Library/Frameworks",
					"$(inherited)",
					"$(DEVELOPER_FRAMEWORKS_DIR)",
				);
				GCC_PRECOMPILE_PREFIX_HEADER = YES;
				GCC_PREFIX_HEADER = "Lavasa nib/Lavasa nib-Prefix.pch";
				INFOPLIST_FILE = "Lavasa nibTests/LavasaTests-Info.plist";
				PRODUCT_NAME = LavasaTests;
				TEST_HOST = "$(BUNDLE_LOADER)";
				WRAPPER_EXTENSION = xctest;
			};
			name = Release;
		};
/* End XCBuildConfiguration section */

/* Begin XCConfigurationList section */
		E22142B51945980F003E9535 /* Build configuration list for PBXProject "Lavasa" */ = {
			isa = XCConfigurationList;
			buildConfigurations = (
				E22142E41945980F003E9535 /* Debug */,
				E22142E51945980F003E9535 /* Release */,
			);
			defaultConfigurationIsVisible = 0;
			defaultConfigurationName = Release;
		};
		E22142E61945980F003E9535 /* Build configuration list for PBXNativeTarget "Lavasa" */ = {
			isa = XCConfigurationList;
			buildConfigurations = (
				E22142E71945980F003E9535 /* Debug */,
				E22142E81945980F003E9535 /* Release */,
			);
			defaultConfigurationIsVisible = 0;
			defaultConfigurationName = Release;
		};
		E22142E91945980F003E9535 /* Build configuration list for PBXNativeTarget "LavasaTests" */ = {
			isa = XCConfigurationList;
			buildConfigurations = (
				E22142EA1945980F003E9535 /* Debug */,
				E22142EB1945980F003E9535 /* Release */,
			);
			defaultConfigurationIsVisible = 0;
			defaultConfigurationName = Release;
		};
/* End XCConfigurationList section */
	};
	rootObject = E22142B21945980F003E9535 /* Project object */;
}
