// !$*UTF8*$!
{
	archiveVersion = 1;
	classes = {
	};
	objectVersion = 46;
	objects = {

/* Begin PBXBuildFile section */
		CE10B0BD194B09BB00F20946 /* Foundation.framework in Frameworks */ = {isa = PBXBuildFile; fileRef = CE10B0BC194B09BB00F20946 /* Foundation.framework */; };
		CE10B0BF194B09BB00F20946 /* CoreGraphics.framework in Frameworks */ = {isa = PBXBuildFile; fileRef = CE10B0BE194B09BB00F20946 /* CoreGraphics.framework */; };
		CE10B0C1194B09BB00F20946 /* UIKit.framework in Frameworks */ = {isa = PBXBuildFile; fileRef = CE10B0C0194B09BB00F20946 /* UIKit.framework */; };
		CE10B0C7194B09BB00F20946 /* InfoPlist.strings in Resources */ = {isa = PBXBuildFile; fileRef = CE10B0C5194B09BB00F20946 /* InfoPlist.strings */; };
		CE10B0C9194B09BB00F20946 /* main.m in Sources */ = {isa = PBXBuildFile; fileRef = CE10B0C8194B09BB00F20946 /* main.m */; };
		CE10B0CD194B09BB00F20946 /* AppDelegate.m in Sources */ = {isa = PBXBuildFile; fileRef = CE10B0CC194B09BB00F20946 /* AppDelegate.m */; };
		CE10B0D0194B09BB00F20946 /* Main_iPhone.storyboard in Resources */ = {isa = PBXBuildFile; fileRef = CE10B0CE194B09BB00F20946 /* Main_iPhone.storyboard */; };
		CE10B0D3194B09BB00F20946 /* Main_iPad.storyboard in Resources */ = {isa = PBXBuildFile; fileRef = CE10B0D1194B09BB00F20946 /* Main_iPad.storyboard */; };
		CE10B0D6194B09BB00F20946 /* ViewController.m in Sources */ = {isa = PBXBuildFile; fileRef = CE10B0D5194B09BB00F20946 /* ViewController.m */; };
		CE10B0D8194B09BB00F20946 /* Images.xcassets in Resources */ = {isa = PBXBuildFile; fileRef = CE10B0D7194B09BB00F20946 /* Images.xcassets */; };
		CE10B0DF194B09BB00F20946 /* XCTest.framework in Frameworks */ = {isa = PBXBuildFile; fileRef = CE10B0DE194B09BB00F20946 /* XCTest.framework */; };
		CE10B0E0194B09BB00F20946 /* Foundation.framework in Frameworks */ = {isa = PBXBuildFile; fileRef = CE10B0BC194B09BB00F20946 /* Foundation.framework */; };
		CE10B0E1194B09BB00F20946 /* UIKit.framework in Frameworks */ = {isa = PBXBuildFile; fileRef = CE10B0C0194B09BB00F20946 /* UIKit.framework */; };
		CE10B0E9194B09BB00F20946 /* InfoPlist.strings in Resources */ = {isa = PBXBuildFile; fileRef = CE10B0E7194B09BB00F20946 /* InfoPlist.strings */; };
		CE10B0EB194B09BB00F20946 /* PractiseGitHubTests.m in Sources */ = {isa = PBXBuildFile; fileRef = CE10B0EA194B09BB00F20946 /* PractiseGitHubTests.m */; };
/* End PBXBuildFile section */

/* Begin PBXContainerItemProxy section */
		CE10B0E2194B09BB00F20946 /* PBXContainerItemProxy */ = {
			isa = PBXContainerItemProxy;
			containerPortal = CE10B0B1194B09BB00F20946 /* Project object */;
			proxyType = 1;
			remoteGlobalIDString = CE10B0B8194B09BB00F20946;
			remoteInfo = PractiseGitHub;
		};
/* End PBXContainerItemProxy section */

/* Begin PBXFileReference section */
		CE10B0B9194B09BB00F20946 /* PractiseGitHub.app */ = {isa = PBXFileReference; explicitFileType = wrapper.application; includeInIndex = 0; path = PractiseGitHub.app; sourceTree = BUILT_PRODUCTS_DIR; };
		CE10B0BC194B09BB00F20946 /* Foundation.framework */ = {isa = PBXFileReference; lastKnownFileType = wrapper.framework; name = Foundation.framework; path = System/Library/Frameworks/Foundation.framework; sourceTree = SDKROOT; };
		CE10B0BE194B09BB00F20946 /* CoreGraphics.framework */ = {isa = PBXFileReference; lastKnownFileType = wrapper.framework; name = CoreGraphics.framework; path = System/Library/Frameworks/CoreGraphics.framework; sourceTree = SDKROOT; };
		CE10B0C0194B09BB00F20946 /* UIKit.framework */ = {isa = PBXFileReference; lastKnownFileType = wrapper.framework; name = UIKit.framework; path = System/Library/Frameworks/UIKit.framework; sourceTree = SDKROOT; };
		CE10B0C4194B09BB00F20946 /* PractiseGitHub-Info.plist */ = {isa = PBXFileReference; lastKnownFileType = text.plist.xml; path = "PractiseGitHub-Info.plist"; sourceTree = "<group>"; };
		CE10B0C6194B09BB00F20946 /* en */ = {isa = PBXFileReference; lastKnownFileType = text.plist.strings; name = en; path = en.lproj/InfoPlist.strings; sourceTree = "<group>"; };
		CE10B0C8194B09BB00F20946 /* main.m */ = {isa = PBXFileReference; lastKnownFileType = sourcecode.c.objc; path = main.m; sourceTree = "<group>"; };
		CE10B0CA194B09BB00F20946 /* PractiseGitHub-Prefix.pch */ = {isa = PBXFileReference; lastKnownFileType = sourcecode.c.h; path = "PractiseGitHub-Prefix.pch"; sourceTree = "<group>"; };
		CE10B0CB194B09BB00F20946 /* AppDelegate.h */ = {isa = PBXFileReference; lastKnownFileType = sourcecode.c.h; path = AppDelegate.h; sourceTree = "<group>"; };
		CE10B0CC194B09BB00F20946 /* AppDelegate.m */ = {isa = PBXFileReference; lastKnownFileType = sourcecode.c.objc; path = AppDelegate.m; sourceTree = "<group>"; };
		CE10B0CF194B09BB00F20946 /* Base */ = {isa = PBXFileReference; lastKnownFileType = file.storyboard; name = Base; path = Base.lproj/Main_iPhone.storyboard; sourceTree = "<group>"; };
		CE10B0D2194B09BB00F20946 /* Base */ = {isa = PBXFileReference; lastKnownFileType = file.storyboard; name = Base; path = Base.lproj/Main_iPad.storyboard; sourceTree = "<group>"; };
		CE10B0D4194B09BB00F20946 /* ViewController.h */ = {isa = PBXFileReference; lastKnownFileType = sourcecode.c.h; path = ViewController.h; sourceTree = "<group>"; };
		CE10B0D5194B09BB00F20946 /* ViewController.m */ = {isa = PBXFileReference; lastKnownFileType = sourcecode.c.objc; path = ViewController.m; sourceTree = "<group>"; };
		CE10B0D7194B09BB00F20946 /* Images.xcassets */ = {isa = PBXFileReference; lastKnownFileType = folder.assetcatalog; path = Images.xcassets; sourceTree = "<group>"; };
		CE10B0DD194B09BB00F20946 /* PractiseGitHubTests.xctest */ = {isa = PBXFileReference; explicitFileType = wrapper.cfbundle; includeInIndex = 0; path = PractiseGitHubTests.xctest; sourceTree = BUILT_PRODUCTS_DIR; };
		CE10B0DE194B09BB00F20946 /* XCTest.framework */ = {isa = PBXFileReference; lastKnownFileType = wrapper.framework; name = XCTest.framework; path = Library/Frameworks/XCTest.framework; sourceTree = DEVELOPER_DIR; };
		CE10B0E6194B09BB00F20946 /* PractiseGitHubTests-Info.plist */ = {isa = PBXFileReference; lastKnownFileType = text.plist.xml; path = "PractiseGitHubTests-Info.plist"; sourceTree = "<group>"; };
		CE10B0E8194B09BB00F20946 /* en */ = {isa = PBXFileReference; lastKnownFileType = text.plist.strings; name = en; path = en.lproj/InfoPlist.strings; sourceTree = "<group>"; };
		CE10B0EA194B09BB00F20946 /* PractiseGitHubTests.m */ = {isa = PBXFileReference; lastKnownFileType = sourcecode.c.objc; path = PractiseGitHubTests.m; sourceTree = "<group>"; };
/* End PBXFileReference section */

/* Begin PBXFrameworksBuildPhase section */
		CE10B0B6194B09BB00F20946 /* Frameworks */ = {
			isa = PBXFrameworksBuildPhase;
			buildActionMask = 2147483647;
			files = (
				CE10B0BF194B09BB00F20946 /* CoreGraphics.framework in Frameworks */,
				CE10B0C1194B09BB00F20946 /* UIKit.framework in Frameworks */,
				CE10B0BD194B09BB00F20946 /* Foundation.framework in Frameworks */,
			);
			runOnlyForDeploymentPostprocessing = 0;
		};
		CE10B0DA194B09BB00F20946 /* Frameworks */ = {
			isa = PBXFrameworksBuildPhase;
			buildActionMask = 2147483647;
			files = (
				CE10B0DF194B09BB00F20946 /* XCTest.framework in Frameworks */,
				CE10B0E1194B09BB00F20946 /* UIKit.framework in Frameworks */,
				CE10B0E0194B09BB00F20946 /* Foundation.framework in Frameworks */,
			);
			runOnlyForDeploymentPostprocessing = 0;
		};
/* End PBXFrameworksBuildPhase section */

/* Begin PBXGroup section */
		CE10B0B0194B09BB00F20946 = {
			isa = PBXGroup;
			children = (
				CE10B0C2194B09BB00F20946 /* PractiseGitHub */,
				CE10B0E4194B09BB00F20946 /* PractiseGitHubTests */,
				CE10B0BB194B09BB00F20946 /* Frameworks */,
				CE10B0BA194B09BB00F20946 /* Products */,
			);
			sourceTree = "<group>";
		};
		CE10B0BA194B09BB00F20946 /* Products */ = {
			isa = PBXGroup;
			children = (
				CE10B0B9194B09BB00F20946 /* PractiseGitHub.app */,
				CE10B0DD194B09BB00F20946 /* PractiseGitHubTests.xctest */,
			);
			name = Products;
			sourceTree = "<group>";
		};
		CE10B0BB194B09BB00F20946 /* Frameworks */ = {
			isa = PBXGroup;
			children = (
				CE10B0BC194B09BB00F20946 /* Foundation.framework */,
				CE10B0BE194B09BB00F20946 /* CoreGraphics.framework */,
				CE10B0C0194B09BB00F20946 /* UIKit.framework */,
				CE10B0DE194B09BB00F20946 /* XCTest.framework */,
			);
			name = Frameworks;
			sourceTree = "<group>";
		};
		CE10B0C2194B09BB00F20946 /* PractiseGitHub */ = {
			isa = PBXGroup;
			children = (
				CE10B0CB194B09BB00F20946 /* AppDelegate.h */,
				CE10B0CC194B09BB00F20946 /* AppDelegate.m */,
				CE10B0CE194B09BB00F20946 /* Main_iPhone.storyboard */,
				CE10B0D1194B09BB00F20946 /* Main_iPad.storyboard */,
				CE10B0D4194B09BB00F20946 /* ViewController.h */,
				CE10B0D5194B09BB00F20946 /* ViewController.m */,
				CE10B0D7194B09BB00F20946 /* Images.xcassets */,
				CE10B0C3194B09BB00F20946 /* Supporting Files */,
			);
			path = PractiseGitHub;
			sourceTree = "<group>";
		};
		CE10B0C3194B09BB00F20946 /* Supporting Files */ = {
			isa = PBXGroup;
			children = (
				CE10B0C4194B09BB00F20946 /* PractiseGitHub-Info.plist */,
				CE10B0C5194B09BB00F20946 /* InfoPlist.strings */,
				CE10B0C8194B09BB00F20946 /* main.m */,
				CE10B0CA194B09BB00F20946 /* PractiseGitHub-Prefix.pch */,
			);
			name = "Supporting Files";
			sourceTree = "<group>";
		};
		CE10B0E4194B09BB00F20946 /* PractiseGitHubTests */ = {
			isa = PBXGroup;
			children = (
				CE10B0EA194B09BB00F20946 /* PractiseGitHubTests.m */,
				CE10B0E5194B09BB00F20946 /* Supporting Files */,
			);
			path = PractiseGitHubTests;
			sourceTree = "<group>";
		};
		CE10B0E5194B09BB00F20946 /* Supporting Files */ = {
			isa = PBXGroup;
			children = (
				CE10B0E6194B09BB00F20946 /* PractiseGitHubTests-Info.plist */,
				CE10B0E7194B09BB00F20946 /* InfoPlist.strings */,
			);
			name = "Supporting Files";
			sourceTree = "<group>";
		};
/* End PBXGroup section */

/* Begin PBXNativeTarget section */
		CE10B0B8194B09BB00F20946 /* PractiseGitHub */ = {
			isa = PBXNativeTarget;
			buildConfigurationList = CE10B0EE194B09BB00F20946 /* Build configuration list for PBXNativeTarget "PractiseGitHub" */;
			buildPhases = (
				CE10B0B5194B09BB00F20946 /* Sources */,
				CE10B0B6194B09BB00F20946 /* Frameworks */,
				CE10B0B7194B09BB00F20946 /* Resources */,
			);
			buildRules = (
			);
			dependencies = (
			);
			name = PractiseGitHub;
			productName = PractiseGitHub;
			productReference = CE10B0B9194B09BB00F20946 /* PractiseGitHub.app */;
			productType = "com.apple.product-type.application";
		};
		CE10B0DC194B09BB00F20946 /* PractiseGitHubTests */ = {
			isa = PBXNativeTarget;
			buildConfigurationList = CE10B0F1194B09BB00F20946 /* Build configuration list for PBXNativeTarget "PractiseGitHubTests" */;
			buildPhases = (
				CE10B0D9194B09BB00F20946 /* Sources */,
				CE10B0DA194B09BB00F20946 /* Frameworks */,
				CE10B0DB194B09BB00F20946 /* Resources */,
			);
			buildRules = (
			);
			dependencies = (
				CE10B0E3194B09BB00F20946 /* PBXTargetDependency */,
			);
			name = PractiseGitHubTests;
			productName = PractiseGitHubTests;
			productReference = CE10B0DD194B09BB00F20946 /* PractiseGitHubTests.xctest */;
			productType = "com.apple.product-type.bundle.unit-test";
		};
/* End PBXNativeTarget section */

/* Begin PBXProject section */
		CE10B0B1194B09BB00F20946 /* Project object */ = {
			isa = PBXProject;
			attributes = {
				LastUpgradeCheck = 0510;
				ORGANIZATIONNAME = MA;
				TargetAttributes = {
					CE10B0DC194B09BB00F20946 = {
						TestTargetID = CE10B0B8194B09BB00F20946;
					};
				};
			};
			buildConfigurationList = CE10B0B4194B09BB00F20946 /* Build configuration list for PBXProject "PractiseGitHub" */;
			compatibilityVersion = "Xcode 3.2";
			developmentRegion = English;
			hasScannedForEncodings = 0;
			knownRegions = (
				en,
				Base,
			);
			mainGroup = CE10B0B0194B09BB00F20946;
			productRefGroup = CE10B0BA194B09BB00F20946 /* Products */;
			projectDirPath = "";
			projectRoot = "";
			targets = (
				CE10B0B8194B09BB00F20946 /* PractiseGitHub */,
				CE10B0DC194B09BB00F20946 /* PractiseGitHubTests */,
			);
		};
/* End PBXProject section */

/* Begin PBXResourcesBuildPhase section */
		CE10B0B7194B09BB00F20946 /* Resources */ = {
			isa = PBXResourcesBuildPhase;
			buildActionMask = 2147483647;
			files = (
				CE10B0D3194B09BB00F20946 /* Main_iPad.storyboard in Resources */,
				CE10B0D8194B09BB00F20946 /* Images.xcassets in Resources */,
				CE10B0D0194B09BB00F20946 /* Main_iPhone.storyboard in Resources */,
				CE10B0C7194B09BB00F20946 /* InfoPlist.strings in Resources */,
			);
			runOnlyForDeploymentPostprocessing = 0;
		};
		CE10B0DB194B09BB00F20946 /* Resources */ = {
			isa = PBXResourcesBuildPhase;
			buildActionMask = 2147483647;
			files = (
				CE10B0E9194B09BB00F20946 /* InfoPlist.strings in Resources */,
			);
			runOnlyForDeploymentPostprocessing = 0;
		};
/* End PBXResourcesBuildPhase section */

/* Begin PBXSourcesBuildPhase section */
		CE10B0B5194B09BB00F20946 /* Sources */ = {
			isa = PBXSourcesBuildPhase;
			buildActionMask = 2147483647;
			files = (
				CE10B0D6194B09BB00F20946 /* ViewController.m in Sources */,
				CE10B0CD194B09BB00F20946 /* AppDelegate.m in Sources */,
				CE10B0C9194B09BB00F20946 /* main.m in Sources */,
			);
			runOnlyForDeploymentPostprocessing = 0;
		};
		CE10B0D9194B09BB00F20946 /* Sources */ = {
			isa = PBXSourcesBuildPhase;
			buildActionMask = 2147483647;
			files = (
				CE10B0EB194B09BB00F20946 /* PractiseGitHubTests.m in Sources */,
			);
			runOnlyForDeploymentPostprocessing = 0;
		};
/* End PBXSourcesBuildPhase section */

/* Begin PBXTargetDependency section */
		CE10B0E3194B09BB00F20946 /* PBXTargetDependency */ = {
			isa = PBXTargetDependency;
			target = CE10B0B8194B09BB00F20946 /* PractiseGitHub */;
			targetProxy = CE10B0E2194B09BB00F20946 /* PBXContainerItemProxy */;
		};
/* End PBXTargetDependency section */

/* Begin PBXVariantGroup section */
		CE10B0C5194B09BB00F20946 /* InfoPlist.strings */ = {
			isa = PBXVariantGroup;
			children = (
				CE10B0C6194B09BB00F20946 /* en */,
			);
			name = InfoPlist.strings;
			sourceTree = "<group>";
		};
		CE10B0CE194B09BB00F20946 /* Main_iPhone.storyboard */ = {
			isa = PBXVariantGroup;
			children = (
				CE10B0CF194B09BB00F20946 /* Base */,
			);
			name = Main_iPhone.storyboard;
			sourceTree = "<group>";
		};
		CE10B0D1194B09BB00F20946 /* Main_iPad.storyboard */ = {
			isa = PBXVariantGroup;
			children = (
				CE10B0D2194B09BB00F20946 /* Base */,
			);
			name = Main_iPad.storyboard;
			sourceTree = "<group>";
		};
		CE10B0E7194B09BB00F20946 /* InfoPlist.strings */ = {
			isa = PBXVariantGroup;
			children = (
				CE10B0E8194B09BB00F20946 /* en */,
			);
			name = InfoPlist.strings;
			sourceTree = "<group>";
		};
/* End PBXVariantGroup section */

/* Begin XCBuildConfiguration section */
		CE10B0EC194B09BB00F20946 /* Debug */ = {
			isa = XCBuildConfiguration;
			buildSettings = {
				ALWAYS_SEARCH_USER_PATHS = NO;
				CLANG_CXX_LANGUAGE_STANDARD = "gnu++0x";
				CLANG_CXX_LIBRARY = "libc++";
				CLANG_ENABLE_MODULES = YES;
				CLANG_ENABLE_OBJC_ARC = YES;
				CLANG_WARN_BOOL_CONVERSION = YES;
				CLANG_WARN_CONSTANT_CONVERSION = YES;
				CLANG_WARN_DIRECT_OBJC_ISA_USAGE = YES_ERROR;
				CLANG_WARN_EMPTY_BODY = YES;
				CLANG_WARN_ENUM_CONVERSION = YES;
				CLANG_WARN_INT_CONVERSION = YES;
				CLANG_WARN_OBJC_ROOT_CLASS = YES_ERROR;
				CLANG_WARN__DUPLICATE_METHOD_MATCH = YES;
				"CODE_SIGN_IDENTITY[sdk=iphoneos*]" = "iPhone Developer";
				COPY_PHASE_STRIP = NO;
				GCC_C_LANGUAGE_STANDARD = gnu99;
				GCC_DYNAMIC_NO_PIC = NO;
				GCC_OPTIMIZATION_LEVEL = 0;
				GCC_PREPROCESSOR_DEFINITIONS = (
					"DEBUG=1",
					"$(inherited)",
				);
				GCC_SYMBOLS_PRIVATE_EXTERN = NO;
				GCC_WARN_64_TO_32_BIT_CONVERSION = YES;
				GCC_WARN_ABOUT_RETURN_TYPE = YES_ERROR;
				GCC_WARN_UNDECLARED_SELECTOR = YES;
				GCC_WARN_UNINITIALIZED_AUTOS = YES_AGGRESSIVE;
				GCC_WARN_UNUSED_FUNCTION = YES;
				GCC_WARN_UNUSED_VARIABLE = YES;
				IPHONEOS_DEPLOYMENT_TARGET = 7.1;
				ONLY_ACTIVE_ARCH = YES;
				SDKROOT = iphoneos;
				TARGETED_DEVICE_FAMILY = "1,2";
			};
			name = Debug;
		};
		CE10B0ED194B09BB00F20946 /* Release */ = {
			isa = XCBuildConfiguration;
			buildSettings = {
				ALWAYS_SEARCH_USER_PATHS = NO;
				CLANG_CXX_LANGUAGE_STANDARD = "gnu++0x";
				CLANG_CXX_LIBRARY = "libc++";
				CLANG_ENABLE_MODULES = YES;
				CLANG_ENABLE_OBJC_ARC = YES;
				CLANG_WARN_BOOL_CONVERSION = YES;
				CLANG_WARN_CONSTANT_CONVERSION = YES;
				CLANG_WARN_DIRECT_OBJC_ISA_USAGE = YES_ERROR;
				CLANG_WARN_EMPTY_BODY = YES;
				CLANG_WARN_ENUM_CONVERSION = YES;
				CLANG_WARN_INT_CONVERSION = YES;
				CLANG_WARN_OBJC_ROOT_CLASS = YES_ERROR;
				CLANG_WARN__DUPLICATE_METHOD_MATCH = YES;
				"CODE_SIGN_IDENTITY[sdk=iphoneos*]" = "iPhone Developer";
				COPY_PHASE_STRIP = YES;
				ENABLE_NS_ASSERTIONS = NO;
				GCC_C_LANGUAGE_STANDARD = gnu99;
				GCC_WARN_64_TO_32_BIT_CONVERSION = YES;
				GCC_WARN_ABOUT_RETURN_TYPE = YES_ERROR;
				GCC_WARN_UNDECLARED_SELECTOR = YES;
				GCC_WARN_UNINITIALIZED_AUTOS = YES_AGGRESSIVE;
				GCC_WARN_UNUSED_FUNCTION = YES;
				GCC_WARN_UNUSED_VARIABLE = YES;
				IPHONEOS_DEPLOYMENT_TARGET = 7.1;
				SDKROOT = iphoneos;
				TARGETED_DEVICE_FAMILY = "1,2";
				VALIDATE_PRODUCT = YES;
			};
			name = Release;
		};
		CE10B0EF194B09BB00F20946 /* Debug */ = {
			isa = XCBuildConfiguration;
			buildSettings = {
				ASSETCATALOG_COMPILER_APPICON_NAME = AppIcon;
				ASSETCATALOG_COMPILER_LAUNCHIMAGE_NAME = LaunchImage;
				GCC_PRECOMPILE_PREFIX_HEADER = YES;
				GCC_PREFIX_HEADER = "PractiseGitHub/PractiseGitHub-Prefix.pch";
				INFOPLIST_FILE = "PractiseGitHub/PractiseGitHub-Info.plist";
				PRODUCT_NAME = "$(TARGET_NAME)";
				WRAPPER_EXTENSION = app;
			};
			name = Debug;
		};
		CE10B0F0194B09BB00F20946 /* Release */ = {
			isa = XCBuildConfiguration;
			buildSettings = {
				ASSETCATALOG_COMPILER_APPICON_NAME = AppIcon;
				ASSETCATALOG_COMPILER_LAUNCHIMAGE_NAME = LaunchImage;
				GCC_PRECOMPILE_PREFIX_HEADER = YES;
				GCC_PREFIX_HEADER = "PractiseGitHub/PractiseGitHub-Prefix.pch";
				INFOPLIST_FILE = "PractiseGitHub/PractiseGitHub-Info.plist";
				PRODUCT_NAME = "$(TARGET_NAME)";
				WRAPPER_EXTENSION = app;
			};
			name = Release;
		};
		CE10B0F2194B09BB00F20946 /* Debug */ = {
			isa = XCBuildConfiguration;
			buildSettings = {
				BUNDLE_LOADER = "$(BUILT_PRODUCTS_DIR)/PractiseGitHub.app/PractiseGitHub";
				FRAMEWORK_SEARCH_PATHS = (
					"$(SDKROOT)/Developer/Library/Frameworks",
					"$(inherited)",
					"$(DEVELOPER_FRAMEWORKS_DIR)",
				);
				GCC_PRECOMPILE_PREFIX_HEADER = YES;
				GCC_PREFIX_HEADER = "PractiseGitHub/PractiseGitHub-Prefix.pch";
				GCC_PREPROCESSOR_DEFINITIONS = (
					"DEBUG=1",
					"$(inherited)",
				);
				INFOPLIST_FILE = "PractiseGitHubTests/PractiseGitHubTests-Info.plist";
				PRODUCT_NAME = "$(TARGET_NAME)";
				TEST_HOST = "$(BUNDLE_LOADER)";
				WRAPPER_EXTENSION = xctest;
			};
			name = Debug;
		};
		CE10B0F3194B09BB00F20946 /* Release */ = {
			isa = XCBuildConfiguration;
			buildSettings = {
				BUNDLE_LOADER = "$(BUILT_PRODUCTS_DIR)/PractiseGitHub.app/PractiseGitHub";
				FRAMEWORK_SEARCH_PATHS = (
					"$(SDKROOT)/Developer/Library/Frameworks",
					"$(inherited)",
					"$(DEVELOPER_FRAMEWORKS_DIR)",
				);
				GCC_PRECOMPILE_PREFIX_HEADER = YES;
				GCC_PREFIX_HEADER = "PractiseGitHub/PractiseGitHub-Prefix.pch";
				INFOPLIST_FILE = "PractiseGitHubTests/PractiseGitHubTests-Info.plist";
				PRODUCT_NAME = "$(TARGET_NAME)";
				TEST_HOST = "$(BUNDLE_LOADER)";
				WRAPPER_EXTENSION = xctest;
			};
			name = Release;
		};
/* End XCBuildConfiguration section */

/* Begin XCConfigurationList section */
		CE10B0B4194B09BB00F20946 /* Build configuration list for PBXProject "PractiseGitHub" */ = {
			isa = XCConfigurationList;
			buildConfigurations = (
				CE10B0EC194B09BB00F20946 /* Debug */,
				CE10B0ED194B09BB00F20946 /* Release */,
			);
			defaultConfigurationIsVisible = 0;
			defaultConfigurationName = Release;
		};
		CE10B0EE194B09BB00F20946 /* Build configuration list for PBXNativeTarget "PractiseGitHub" */ = {
			isa = XCConfigurationList;
			buildConfigurations = (
				CE10B0EF194B09BB00F20946 /* Debug */,
				CE10B0F0194B09BB00F20946 /* Release */,
			);
			defaultConfigurationIsVisible = 0;
		};
		CE10B0F1194B09BB00F20946 /* Build configuration list for PBXNativeTarget "PractiseGitHubTests" */ = {
			isa = XCConfigurationList;
			buildConfigurations = (
				CE10B0F2194B09BB00F20946 /* Debug */,
				CE10B0F3194B09BB00F20946 /* Release */,
			);
			defaultConfigurationIsVisible = 0;
		};
/* End XCConfigurationList section */
	};
	rootObject = CE10B0B1194B09BB00F20946 /* Project object */;
}
